
Microsoft Visual Studio Solution File, Format Version 9.00
# Visual Studio 2005
Project("{8BC9CEB8-8B4A-11D0-8D11-00A0C91BC942}") = "shutdown", "shutdown\shutdown.vcproj", "{609CB831-BC3B-4D01-97DA-83BB348DDBDA}"
EndProject
Project("{8BC9CEB8-8B4A-11D0-8D11-00A0C91BC942}") = "ShutdownHook", "ShutdownHOOK\ShutdownHook.vcproj", "{44444007-663B-434D-909F-6B7124FBC421}"
EndProject
Project("{8BC9CEB8-8B4A-11D0-8D11-00A0C91BC942}") = "ShutDownService", "ShutDownService\ShutDownService.vcproj", "{72C964C7-C0EF-4808-8EDF-2CDD1954F9FE}"
EndProject
Project("{8BC9CEB8-8B4A-11D0-8D11-00A0C91BC942}") = "ShutDownServiceConcole", "ShutDownServiceConcole\ShutDownServiceConcole.vcproj", "{EC265829-95F3-4960-B44C-2F4621CC9E10}"
EndProject
Project("{8BC9CEB8-8B4A-11D0-8D11-00A0C91BC942}") = "ShutDownUser", "ShutDownUser\ShutDownUser.vcproj", "{AAB471D0-7495-4145-9CF2-8523325E4784}"
EndProject
Project("{8BC9CEB8-8B4A-11D0-8D11-00A0C91BC942}") = "ShutDownUserConsole", "ShutDownUserConsole\ShutDownUserConsole.vcproj", "{D33883E8-8359-4A7E-B53E-11C3D18E5AE5}"
EndProject
Project("{8BC9CEB8-8B4A-11D0-8D11-00A0C91BC942}") = "shutdownUserwindow", "shutdownUserwindow\shutdownUserwindow.vcproj", "{2A22A52D-5B84-44E5-9D76-0C1C0039A6FB}"
EndProject
Project("{8BC9CEB8-8B4A-11D0-8D11-00A0C91BC942}") = "ShutDownWindow", "ShutDownWindow\ShutDownWindow.vcproj", "{DA9538AA-BCE8-494F-8628-C852192E918E}"
EndProject
Global
	GlobalSection(SourceCodeControl) = preSolution
		SccNumberOfProjects = 9
		SccLocalPath0 = .
		SccProjectUniqueName1 = shutdown\\shutdown.vcproj
		SccLocalPath1 = .
		SccProjectFilePathRelativizedFromConnection1 = shutdown\\
		SccProjectUniqueName2 = ShutdownHOOK\\ShutdownHook.vcproj
		SccLocalPath2 = .
		SccProjectFilePathRelativizedFromConnection2 = ShutdownHOOK\\
		SccProjectUniqueName3 = ShutDownService\\ShutDownService.vcproj
		SccLocalPath3 = .
		SccProjectFilePathRelativizedFromConnection3 = ShutDownService\\
		SccProjectUniqueName4 = ShutDownServiceConcole\\ShutDownServiceConcole.vcproj
		SccLocalPath4 = .
		SccProjectFilePathRelativizedFromConnection4 = ShutDownServiceConcole\\
		SccProjectUniqueName5 = ShutDownUser\\ShutDownUser.vcproj
		SccLocalPath5 = .
		SccProjectFilePathRelativizedFromConnection5 = ShutDownUser\\
		SccProjectUniqueName6 = ShutDownUserConsole\\ShutDownUserConsole.vcproj
		SccLocalPath6 = .
		SccProjectFilePathRelativizedFromConnection6 = ShutDownUserConsole\\
		SccProjectUniqueName7 = shutdownUserwindow\\shutdownUserwindow.vcproj
		SccLocalPath7 = .
		SccProjectFilePathRelativizedFromConnection7 = shutdownUserwindow\\
		SccProjectUniqueName8 = ShutDownWindow\\ShutDownWindow.vcproj
		SccLocalPath8 = .
		SccProjectFilePathRelativizedFromConnection8 = ShutDownWindow\\
	EndGlobalSection
	GlobalSection(SolutionConfigurationPlatforms) = preSolution
		Debug|Win32 = Debug|Win32
		Debug|x64 = Debug|x64
		Release|Win32 = Release|Win32
		Release|x64 = Release|x64
	EndGlobalSection
	GlobalSection(ProjectConfigurationPlatforms) = postSolution
		{609CB831-BC3B-4D01-97DA-83BB348DDBDA}.Debug|Win32.ActiveCfg = Debug|Win32
		{609CB831-BC3B-4D01-97DA-83BB348DDBDA}.Debug|Win32.Build.0 = Debug|Win32
		{609CB831-BC3B-4D01-97DA-83BB348DDBDA}.Debug|x64.ActiveCfg = Debug|x64
		{609CB831-BC3B-4D01-97DA-83BB348DDBDA}.Debug|x64.Build.0 = Debug|x64
		{609CB831-BC3B-4D01-97DA-83BB348DDBDA}.Release|Win32.ActiveCfg = Release|Win32
		{609CB831-BC3B-4D01-97DA-83BB348DDBDA}.Release|Win32.Build.0 = Release|Win32
		{609CB831-BC3B-4D01-97DA-83BB348DDBDA}.Release|x64.ActiveCfg = Release|x64
		{609CB831-BC3B-4D01-97DA-83BB348DDBDA}.Release|x64.Build.0 = Release|x64
		{44444007-663B-434D-909F-6B7124FBC421}.Debug|Win32.ActiveCfg = Debug|Win32
		{44444007-663B-434D-909F-6B7124FBC421}.Debug|Win32.Build.0 = Debug|Win32
		{44444007-663B-434D-909F-6B7124FBC421}.Debug|x64.ActiveCfg = Debug|x64
		{44444007-663B-434D-909F-6B7124FBC421}.Debug|x64.Build.0 = Debug|x64
		{44444007-663B-434D-909F-6B7124FBC421}.Release|Win32.ActiveCfg = Release|Win32
		{44444007-663B-434D-909F-6B7124FBC421}.Release|Win32.Build.0 = Release|Win32
		{44444007-663B-434D-909F-6B7124FBC421}.Release|x64.ActiveCfg = Release|x64
		{44444007-663B-434D-909F-6B7124FBC421}.Release|x64.Build.0 = Release|x64
		{72C964C7-C0EF-4808-8EDF-2CDD1954F9FE}.Debug|Win32.ActiveCfg = Debug|Win32
		{72C964C7-C0EF-4808-8EDF-2CDD1954F9FE}.Debug|Win32.Build.0 = Debug|Win32
		{72C964C7-C0EF-4808-8EDF-2CDD1954F9FE}.Debug|x64.ActiveCfg = Debug|x64
		{72C964C7-C0EF-4808-8EDF-2CDD1954F9FE}.Debug|x64.Build.0 = Debug|x64
		{72C964C7-C0EF-4808-8EDF-2CDD1954F9FE}.Release|Win32.ActiveCfg = Release|Win32
		{72C964C7-C0EF-4808-8EDF-2CDD1954F9FE}.Release|Win32.Build.0 = Release|Win32
		{72C964C7-C0EF-4808-8EDF-2CDD1954F9FE}.Release|x64.ActiveCfg = Release|x64
		{72C964C7-C0EF-4808-8EDF-2CDD1954F9FE}.Release|x64.Build.0 = Release|x64
		{EC265829-95F3-4960-B44C-2F4621CC9E10}.Debug|Win32.ActiveCfg = Debug|Win32
		{EC265829-95F3-4960-B44C-2F4621CC9E10}.Debug|Win32.Build.0 = Debug|Win32
		{EC265829-95F3-4960-B44C-2F4621CC9E10}.Debug|x64.ActiveCfg = Debug|x64
		{EC265829-95F3-4960-B44C-2F4621CC9E10}.Debug|x64.Build.0 = Debug|x64
		{EC265829-95F3-4960-B44C-2F4621CC9E10}.Release|Win32.ActiveCfg = Release|Win32
		{EC265829-95F3-4960-B44C-2F4621CC9E10}.Release|Win32.Build.0 = Release|Win32
		{EC265829-95F3-4960-B44C-2F4621CC9E10}.Release|x64.ActiveCfg = Release|x64
		{EC265829-95F3-4960-B44C-2F4621CC9E10}.Release|x64.Build.0 = Release|x64
		{AAB471D0-7495-4145-9CF2-8523325E4784}.Debug|Win32.ActiveCfg = Debug|Win32
		{AAB471D0-7495-4145-9CF2-8523325E4784}.Debug|Win32.Build.0 = Debug|Win32
		{AAB471D0-7495-4145-9CF2-8523325E4784}.Debug|x64.ActiveCfg = Debug|x64
		{AAB471D0-7495-4145-9CF2-8523325E4784}.Debug|x64.Build.0 = Debug|x64
		{AAB471D0-7495-4145-9CF2-8523325E4784}.Release|Win32.ActiveCfg = Release|Win32
		{AAB471D0-7495-4145-9CF2-8523325E4784}.Release|Win32.Build.0 = Release|Win32
		{AAB471D0-7495-4145-9CF2-8523325E4784}.Release|x64.ActiveCfg = Release|x64
		{AAB471D0-7495-4145-9CF2-8523325E4784}.Release|x64.Build.0 = Release|x64
		{D33883E8-8359-4A7E-B53E-11C3D18E5AE5}.Debug|Win32.ActiveCfg = Debug|Win32
		{D33883E8-8359-4A7E-B53E-11C3D18E5AE5}.Debug|Win32.Build.0 = Debug|Win32
		{D33883E8-8359-4A7E-B53E-11C3D18E5AE5}.Debug|x64.ActiveCfg = Debug|x64
		{D33883E8-8359-4A7E-B53E-11C3D18E5AE5}.Debug|x64.Build.0 = Debug|x64
		{D33883E8-8359-4A7E-B53E-11C3D18E5AE5}.Release|Win32.ActiveCfg = Release|Win32
		{D33883E8-8359-4A7E-B53E-11C3D18E5AE5}.Release|Win32.Build.0 = Release|Win32
		{D33883E8-8359-4A7E-B53E-11C3D18E5AE5}.Release|x64.ActiveCfg = Release|x64
		{D33883E8-8359-4A7E-B53E-11C3D18E5AE5}.Release|x64.Build.0 = Release|x64
		{2A22A52D-5B84-44E5-9D76-0C1C0039A6FB}.Debug|Win32.ActiveCfg = Debug|Win32
		{2A22A52D-5B84-44E5-9D76-0C1C0039A6FB}.Debug|Win32.Build.0 = Debug|Win32
		{2A22A52D-5B84-44E5-9D76-0C1C0039A6FB}.Debug|x64.ActiveCfg = Debug|x64
		{2A22A52D-5B84-44E5-9D76-0C1C0039A6FB}.Debug|x64.Build.0 = Debug|x64
		{2A22A52D-5B84-44E5-9D76-0C1C0039A6FB}.Release|Win32.ActiveCfg = Release|Win32
		{2A22A52D-5B84-44E5-9D76-0C1C0039A6FB}.Release|Win32.Build.0 = Release|Win32
		{2A22A52D-5B84-44E5-9D76-0C1C0039A6FB}.Release|x64.ActiveCfg = Release|x64
		{2A22A52D-5B84-44E5-9D76-0C1C0039A6FB}.Release|x64.Build.0 = Release|x64
		{DA9538AA-BCE8-494F-8628-C852192E918E}.Debug|Win32.ActiveCfg = Debug|Win32
		{DA9538AA-BCE8-494F-8628-C852192E918E}.Debug|Win32.Build.0 = Debug|Win32
		{DA9538AA-BCE8-494F-8628-C852192E918E}.Debug|x64.ActiveCfg = Debug|x64
		{DA9538AA-BCE8-494F-8628-C852192E918E}.Debug|x64.Build.0 = Debug|x64
		{DA9538AA-BCE8-494F-8628-C852192E918E}.Release|Win32.ActiveCfg = Release|Win32
		{DA9538AA-BCE8-494F-8628-C852192E918E}.Release|Win32.Build.0 = Release|Win32
		{DA9538AA-BCE8-494F-8628-C852192E918E}.Release|x64.ActiveCfg = Release|x64
		{DA9538AA-BCE8-494F-8628-C852192E918E}.Release|x64.Build.0 = Release|x64
	EndGlobalSection
	GlobalSection(SolutionProperties) = preSolution
		HideSolutionNode = FALSE
	EndGlobalSection
EndGlobal
