
Microsoft Visual Studio Solution File, Format Version 11.00
# Visual Studio 2010
Project("{FAE04EC0-301F-11D3-BF4B-00C04F79EFBC}") = "WebConsole", "WebConsole\WebConsole.csproj", "{391CE06B-801B-4E38-8700-94B2C30788C4}"
	ProjectSection(ProjectDependencies) = postProject
		{B937991E-9CE3-47C2-B70F-9A7DE918BCF1} = {B937991E-9CE3-47C2-B70F-9A7DE918BCF1}
		{B937991E-9CE3-47C2-B70F-9A7DE918BCF1} = {B937991E-9CE3-47C2-B70F-9A7DE918BCF1}
	EndProjectSection
EndProject
Project("{FAE04EC0-301F-11D3-BF4B-00C04F79EFBC}") = "WebConsole.Web", "WebConsole.Web\WebConsole.Web.csproj", "{B937991E-9CE3-47C2-B70F-9A7DE918BCF1}"
EndProject
Project("{FAE04EC0-301F-11D3-BF4B-00C04F79EFBC}") = "ParamControlLib", "ParamControlLib\ParamControlLib.csproj", "{7556D06E-7746-4AB2-A213-1D6A3E421D11}"
EndProject
Project("{FAE04EC0-301F-11D3-BF4B-00C04F79EFBC}") = "TimeTableLib", "TimeTableLib\TimeTableLib.csproj", "{AC8101E0-5F0E-46BA-911B-E919551C04FB}"
EndProject
Project("{FAE04EC0-301F-11D3-BF4B-00C04F79EFBC}") = "UserTreeLib", "UserTreeLib\UserTreeLib.csproj", "{5E149E31-A453-450D-99D1-8B2D4977774A}"
EndProject
Project("{FAE04EC0-301F-11D3-BF4B-00C04F79EFBC}") = "UserInfoCommonLib", "UserInfoCommonLib\UserInfoCommonLib.csproj", "{FEF2C882-1F5E-4698-88C4-7C73BB2705AE}"
EndProject
Project("{FAE04EC0-301F-11D3-BF4B-00C04F79EFBC}") = "WebConsoleCommonLib", "WebConsoleCommonLib\WebConsoleCommonLib.csproj", "{A710167E-6A9B-4C90-9F9B-7AB44A22492D}"
EndProject
Project("{FAE04EC0-301F-11D3-BF4B-00C04F79EFBC}") = "CalendarLib", "CalendarLib\CalendarLib.csproj", "{F51AFB39-322B-467D-8EA7-7F54BDAEBA12}"
EndProject
Project("{FAE04EC0-301F-11D3-BF4B-00C04F79EFBC}") = "FastGridLib", "FastGridLib\FastGridLib.csproj", "{474CB0F6-4EBD-4479-9D1A-D389A59DC8D1}"
EndProject
Project("{FAE04EC0-301F-11D3-BF4B-00C04F79EFBC}") = "CalendarCommonLib", "CalendarCommonLib\CalendarCommonLib.csproj", "{5FFE0215-AB7C-483D-8FAA-7624967B7E0C}"
EndProject
Project("{FAE04EC0-301F-11D3-BF4B-00C04F79EFBC}") = "DetailsGridLib", "DetailsGridLib\DetailsGridLib.csproj", "{9E6DF138-CFB1-4DC7-A283-129873CAEEAA}"
EndProject
Project("{FAE04EC0-301F-11D3-BF4B-00C04F79EFBC}") = "DetailsGridCommonLib", "DetailsGridCommonLib\DetailsGridCommonLib.csproj", "{5546C6C1-B19F-4396-83A0-B166D1111FED}"
EndProject
Project("{FAE04EC0-301F-11D3-BF4B-00C04F79EFBC}") = "DetailsServiceLib", "DetailsServiceLib\DetailsServiceLib.csproj", "{07D67AA8-003E-4BE9-B489-E1EDFF431C36}"
EndProject
Project("{FAE04EC0-301F-11D3-BF4B-00C04F79EFBC}") = "WebConsoleCommonLib.Web", "WebConsoleCommonLib.Web\WebConsoleCommonLib.Web.csproj", "{56DECF00-A737-474F-9DB9-A47D17057B99}"
EndProject
Project("{FAE04EC0-301F-11D3-BF4B-00C04F79EFBC}") = "DetailsProxyLib", "DetailsProxyLib\DetailsProxyLib.csproj", "{3D4F1F6C-0D5A-46F7-86F8-0B7A4074D711}"
	ProjectSection(ProjectDependencies) = postProject
		{07D67AA8-003E-4BE9-B489-E1EDFF431C36} = {07D67AA8-003E-4BE9-B489-E1EDFF431C36}
	EndProjectSection
EndProject
Project("{FAE04EC0-301F-11D3-BF4B-00C04F79EFBC}") = "CalendarServiceLib", "CalendarServiceLib\CalendarServiceLib.csproj", "{D89DCEAC-F649-480B-AACC-CB502070BF67}"
EndProject
Project("{FAE04EC0-301F-11D3-BF4B-00C04F79EFBC}") = "TimeTableServiceLib", "TimeTabelServiceLib\TimeTableServiceLib.csproj", "{B55E7E38-B3B6-400C-ABE0-A9C17504C61E}"
EndProject
Project("{FAE04EC0-301F-11D3-BF4B-00C04F79EFBC}") = "TimeTableProxyLib", "TimeTableProxyLib\TimeTableProxyLib.csproj", "{B781509A-AD1C-4C64-8D8D-AA5583642E1A}"
	ProjectSection(ProjectDependencies) = postProject
		{B55E7E38-B3B6-400C-ABE0-A9C17504C61E} = {B55E7E38-B3B6-400C-ABE0-A9C17504C61E}
		{B55E7E38-B3B6-400C-ABE0-A9C17504C61E} = {B55E7E38-B3B6-400C-ABE0-A9C17504C61E}
		{B55E7E38-B3B6-400C-ABE0-A9C17504C61E} = {B55E7E38-B3B6-400C-ABE0-A9C17504C61E}
		{B55E7E38-B3B6-400C-ABE0-A9C17504C61E} = {B55E7E38-B3B6-400C-ABE0-A9C17504C61E}
	EndProjectSection
EndProject
Project("{FAE04EC0-301F-11D3-BF4B-00C04F79EFBC}") = "TimeTableCommonLib", "TimeTableCommonLib\TimeTableCommonLib.csproj", "{6790150D-7814-4A10-BC9D-DB3BAE830567}"
EndProject
Project("{FAE04EC0-301F-11D3-BF4B-00C04F79EFBC}") = "CalendarProxyLib", "CalendarProxyLib\CalendarProxyLib.csproj", "{10E5F986-5813-49A4-981B-574065F57471}"
	ProjectSection(ProjectDependencies) = postProject
		{D89DCEAC-F649-480B-AACC-CB502070BF67} = {D89DCEAC-F649-480B-AACC-CB502070BF67}
	EndProjectSection
EndProject
Project("{FAE04EC0-301F-11D3-BF4B-00C04F79EFBC}") = "EdmxLib", "EdmxLib\EdmxLib.csproj", "{25926975-48E0-4005-B0E5-A06FF1C935F2}"
EndProject
Project("{FAE04EC0-301F-11D3-BF4B-00C04F79EFBC}") = "CommonControlLib", "CommonControlLib\CommonControlLib.csproj", "{8B45C7A4-9C3A-40BB-AFF7-7B8DEDA732A2}"
EndProject
Project("{FAE04EC0-301F-11D3-BF4B-00C04F79EFBC}") = "UserInfoServiceLib", "UserInfoServiceLib\UserInfoServiceLib.csproj", "{D46EF02B-9BFF-4C13-8F76-E0C8AE2FCC89}"
EndProject
Project("{FAE04EC0-301F-11D3-BF4B-00C04F79EFBC}") = "UserInfoProxyLib", "UserInfoProxyLib\UserInfoProxyLib.csproj", "{2FA75922-756A-4C72-9799-EBD64436353A}"
	ProjectSection(ProjectDependencies) = postProject
		{D46EF02B-9BFF-4C13-8F76-E0C8AE2FCC89} = {D46EF02B-9BFF-4C13-8F76-E0C8AE2FCC89}
	EndProjectSection
EndProject
Project("{FAE04EC0-301F-11D3-BF4B-00C04F79EFBC}") = "CSVControlLib", "CSVControlLib\CSVControlLib.csproj", "{695A6944-8E00-4046-8197-E15E1B0FF33F}"
EndProject
Project("{FAE04EC0-301F-11D3-BF4B-00C04F79EFBC}") = "CSVCommonLib", "CSVCommonLib\CSVCommonLib.csproj", "{00B08D3C-E06C-4329-8E16-6DB765742A61}"
EndProject
Project("{FAE04EC0-301F-11D3-BF4B-00C04F79EFBC}") = "CSVProxyLib", "CSVProxyLib\CSVProxyLib.csproj", "{C7323013-BCF0-4AED-9AD8-D648E64477B4}"
	ProjectSection(ProjectDependencies) = postProject
		{23C92E4B-F6B6-415C-AF3A-5D2E5D16255D} = {23C92E4B-F6B6-415C-AF3A-5D2E5D16255D}
	EndProjectSection
EndProject
Project("{FAE04EC0-301F-11D3-BF4B-00C04F79EFBC}") = "CSVServiceLib", "CSVServiceLib\CSVServiceLib.csproj", "{23C92E4B-F6B6-415C-AF3A-5D2E5D16255D}"
EndProject
Project("{FAE04EC0-301F-11D3-BF4B-00C04F79EFBC}") = "InfoCenterClientLib", "InfoCenterClientLib\InfoCenterClientLib.csproj", "{0875DA06-293B-42D4-BD62-A94EF114B936}"
EndProject
Project("{FAE04EC0-301F-11D3-BF4B-00C04F79EFBC}") = "InfoCenterSrvLib", "InfoCenterSrvLib\InfoCenterSrvLib.csproj", "{48E5CD08-1871-48A8-9950-1346B0453B2F}"
EndProject
Project("{FAE04EC0-301F-11D3-BF4B-00C04F79EFBC}") = "LogMgrSysConfig", "LogMgrSysConfig\LogMgrSysConfig.csproj", "{A03EC80E-F465-4FF7-84A6-B49B6F409B31}"
	ProjectSection(ProjectDependencies) = postProject
		{B937991E-9CE3-47C2-B70F-9A7DE918BCF1} = {B937991E-9CE3-47C2-B70F-9A7DE918BCF1}
	EndProjectSection
EndProject
Project("{FAE04EC0-301F-11D3-BF4B-00C04F79EFBC}") = "LogonState", "LogonState\LogonState.csproj", "{C7E44573-C149-43FD-9F63-CC08E7E5ED23}"
	ProjectSection(ProjectDependencies) = postProject
		{B937991E-9CE3-47C2-B70F-9A7DE918BCF1} = {B937991E-9CE3-47C2-B70F-9A7DE918BCF1}
	EndProjectSection
EndProject
Project("{54435603-DBB4-11D2-8724-00A0C9A8B90C}") = "WebConsoleInstaller", "WebConsoleInstaller\WebConsoleInstaller.vdproj", "{78D3E8A7-6F56-430A-9107-97A53FED0E74}"
EndProject
Project("{FAE04EC0-301F-11D3-BF4B-00C04F79EFBC}") = "InstallAction", "InstallAction\InstallAction.csproj", "{05178D8E-FCB7-446C-8179-A68E38EF7572}"
EndProject
Project("{FAE04EC0-301F-11D3-BF4B-00C04F79EFBC}") = "LogServiceLib", "LogServiceLib\LogServiceLib.csproj", "{D5FB76BC-AF5C-4FB4-862F-13359DA3D46A}"
EndProject
Project("{FAE04EC0-301F-11D3-BF4B-00C04F79EFBC}") = "LogProxyLib", "LogProxyLib\LogProxyLib.csproj", "{D714C1EF-3BB0-456E-BB83-3DBE49ECDB00}"
EndProject
Project("{FAE04EC0-301F-11D3-BF4B-00C04F79EFBC}") = "WebConsole.Web.Test", "WebConsole.Web.Test\WebConsole.Web.Test.csproj", "{28F1ABDB-7AFC-440E-B403-62829EF46ED1}"
EndProject
Project("{2150E333-8FDC-42A3-9474-1A3956D46DE8}") = "Solution Items", "Solution Items", "{FB8FCCBA-7B4F-4B92-9026-4EA625794CC3}"
	ProjectSection(SolutionItems) = preProject
		InstallAction.Design.sln = InstallAction.Design.sln
		Local.testsettings = Local.testsettings
		LogBatch.Design.sln = LogBatch.Design.sln
		LogSearch.Design.sln = LogSearch.Design.sln
		LogTotal.Design.sln = LogTotal.Design.sln
		SMLLogCore.Design.sln = SMLLogCore.Design.sln
		TraceAndTestImpact.testsettings = TraceAndTestImpact.testsettings
		UserLogSchedule.Design.sln = UserLogSchedule.Design.sln
		WebConsole.vsmdi = WebConsole.vsmdi
	EndProjectSection
EndProject
Project("{FAE04EC0-301F-11D3-BF4B-00C04F79EFBC}") = "FileTrace", "FileTrace\FileTrace.csproj", "{4071A002-1050-4128-BB51-8358393CD1B5}"
	ProjectSection(ProjectDependencies) = postProject
		{B937991E-9CE3-47C2-B70F-9A7DE918BCF1} = {B937991E-9CE3-47C2-B70F-9A7DE918BCF1}
		{B937991E-9CE3-47C2-B70F-9A7DE918BCF1} = {B937991E-9CE3-47C2-B70F-9A7DE918BCF1}
	EndProjectSection
EndProject
Project("{FAE04EC0-301F-11D3-BF4B-00C04F79EFBC}") = "FileTraceServiceLib", "FileTraceServiceLib\FileTraceServiceLib.csproj", "{9BB5025E-0490-4431-AEDB-A823AC509457}"
EndProject
Project("{FAE04EC0-301F-11D3-BF4B-00C04F79EFBC}") = "MultiBindingLib", "MultiBindingLib\MultiBindingLib.csproj", "{4E0614BE-E2C0-4CBC-A40A-0842D9F948EF}"
EndProject
Project("{FAE04EC0-301F-11D3-BF4B-00C04F79EFBC}") = "LogSearch", "LogSearch\LogSearch.csproj", "{93BD67A6-340B-4B7E-9F02-CD4D8BE349DC}"
EndProject
Project("{FAE04EC0-301F-11D3-BF4B-00C04F79EFBC}") = "Common.Startup", "Startup\Common.Startup.csproj", "{6EF9747C-8CA2-4986-95B6-BA0A5890330C}"
EndProject
Project("{FAE04EC0-301F-11D3-BF4B-00C04F79EFBC}") = "LogSearch.Parts", "LogSearch.Parts\LogSearch.Parts.csproj", "{6FC9E79C-EE31-45F6-85F3-EEE0BF7908F2}"
	ProjectSection(ProjectDependencies) = postProject
		{B937991E-9CE3-47C2-B70F-9A7DE918BCF1} = {B937991E-9CE3-47C2-B70F-9A7DE918BCF1}
		{B937991E-9CE3-47C2-B70F-9A7DE918BCF1} = {B937991E-9CE3-47C2-B70F-9A7DE918BCF1}
		{B937991E-9CE3-47C2-B70F-9A7DE918BCF1} = {B937991E-9CE3-47C2-B70F-9A7DE918BCF1}
		{318D41C4-0DFD-4843-9FDC-91EA2C236D4F} = {318D41C4-0DFD-4843-9FDC-91EA2C236D4F}
	EndProjectSection
EndProject
Project("{FAE04EC0-301F-11D3-BF4B-00C04F79EFBC}") = "LogBatch.Parts", "LogBatch.Parts\LogBatch.Parts.csproj", "{726A3524-8C5B-4E21-91FA-F4EB37A9B04E}"
	ProjectSection(ProjectDependencies) = postProject
		{B937991E-9CE3-47C2-B70F-9A7DE918BCF1} = {B937991E-9CE3-47C2-B70F-9A7DE918BCF1}
		{B937991E-9CE3-47C2-B70F-9A7DE918BCF1} = {B937991E-9CE3-47C2-B70F-9A7DE918BCF1}
	EndProjectSection
EndProject
Project("{FAE04EC0-301F-11D3-BF4B-00C04F79EFBC}") = "LogTotal", "LogTotal\LogTotal.csproj", "{308F4B43-20EE-4B99-BC57-3BC85FEA0261}"
EndProject
Project("{FAE04EC0-301F-11D3-BF4B-00C04F79EFBC}") = "LogTotal.Parts", "LogTotal.Parts\LogTotal.Parts.csproj", "{12E57B71-7B44-4A7C-A60C-C094EB9883A6}"
	ProjectSection(ProjectDependencies) = postProject
		{5AD82018-203F-4288-82DB-567F66D14D1E} = {5AD82018-203F-4288-82DB-567F66D14D1E}
		{B937991E-9CE3-47C2-B70F-9A7DE918BCF1} = {B937991E-9CE3-47C2-B70F-9A7DE918BCF1}
		{B937991E-9CE3-47C2-B70F-9A7DE918BCF1} = {B937991E-9CE3-47C2-B70F-9A7DE918BCF1}
		{B937991E-9CE3-47C2-B70F-9A7DE918BCF1} = {B937991E-9CE3-47C2-B70F-9A7DE918BCF1}
		{B937991E-9CE3-47C2-B70F-9A7DE918BCF1} = {B937991E-9CE3-47C2-B70F-9A7DE918BCF1}
	EndProjectSection
EndProject
Project("{FAE04EC0-301F-11D3-BF4B-00C04F79EFBC}") = "LogTotal.Design.Web", "LogTotal.Design.Web\LogTotal.Design.Web.csproj", "{5AD82018-203F-4288-82DB-567F66D14D1E}"
EndProject
Project("{FAE04EC0-301F-11D3-BF4B-00C04F79EFBC}") = "LogSearch.Design.Web", "LogSearch.Design.Web\LogSearch.Design.Web.csproj", "{318D41C4-0DFD-4843-9FDC-91EA2C236D4F}"
EndProject
Project("{FAE04EC0-301F-11D3-BF4B-00C04F79EFBC}") = "LogBatch", "LogBatch\LogBatch.csproj", "{4DA16082-573E-4AF4-9C34-EB2023CF77AD}"
EndProject
Project("{FAE04EC0-301F-11D3-BF4B-00C04F79EFBC}") = "LogBatch.Design.Web", "LogBatch.Design.Web\LogBatch.Design.Web.csproj", "{A0CE7F10-199B-4D2C-A458-CB11B18A4868}"
EndProject
Project("{FAE04EC0-301F-11D3-BF4B-00C04F79EFBC}") = "UserLogSchedule", "UserLogSchedule\UserLogSchedule.csproj", "{85C1E421-E60C-40EF-90EC-504E0F0CB79B}"
	ProjectSection(ProjectDependencies) = postProject
		{CF9B2D14-E0A9-4D66-B0C6-2DBDD8CDDA76} = {CF9B2D14-E0A9-4D66-B0C6-2DBDD8CDDA76}
		{B937991E-9CE3-47C2-B70F-9A7DE918BCF1} = {B937991E-9CE3-47C2-B70F-9A7DE918BCF1}
		{B937991E-9CE3-47C2-B70F-9A7DE918BCF1} = {B937991E-9CE3-47C2-B70F-9A7DE918BCF1}
		{B937991E-9CE3-47C2-B70F-9A7DE918BCF1} = {B937991E-9CE3-47C2-B70F-9A7DE918BCF1}
		{B937991E-9CE3-47C2-B70F-9A7DE918BCF1} = {B937991E-9CE3-47C2-B70F-9A7DE918BCF1}
	EndProjectSection
EndProject
Project("{FAE04EC0-301F-11D3-BF4B-00C04F79EFBC}") = "UserLogSchedule.Design.Web", "UserLogSchedule.Design.Web\UserLogSchedule.Design.Web.csproj", "{CF9B2D14-E0A9-4D66-B0C6-2DBDD8CDDA76}"
EndProject
Project("{FAE04EC0-301F-11D3-BF4B-00C04F79EFBC}") = "SMLLogCore", "SMLLogCore\SMLLogCore.csproj", "{56C9332B-B161-4191-B195-14FD4252FB59}"
EndProject
Project("{FAE04EC0-301F-11D3-BF4B-00C04F79EFBC}") = "UserScheduleServiceLib", "UserScheduleServiceLib\UserScheduleServiceLib.csproj", "{063462B1-581E-4865-9AF9-3D8EC2992687}"
EndProject
Project("{FAE04EC0-301F-11D3-BF4B-00C04F79EFBC}") = "UserLogSchedule.Test", "UserLogSchedule.Test\UserLogSchedule.Test.csproj", "{FEF25A88-CF85-483E-9772-52411537EC33}"
EndProject
Project("{FAE04EC0-301F-11D3-BF4B-00C04F79EFBC}") = "BatchServiceLib", "BatchServiceLib\BatchServiceLib.csproj", "{840B7E20-2120-41F8-AE08-17B4E3EC6F63}"
EndProject
Project("{FAE04EC0-301F-11D3-BF4B-00C04F79EFBC}") = "SMLLogCore.Test", "SMLLogCore.Test\SMLLogCore.Test.csproj", "{5D445E7D-C3D0-46BF-80D3-0BACBFE621F9}"
EndProject
Project("{FAE04EC0-301F-11D3-BF4B-00C04F79EFBC}") = "LogMgrIIScheduler", "LogMgrIIScheduler\LogMgrIIScheduler.csproj", "{F0A5F927-5D4C-45CB-9038-775875651B03}"
EndProject
Project("{FAE04EC0-301F-11D3-BF4B-00C04F79EFBC}") = "LogMgrIISchdSrv.Test", "LogMgrIISchdSrv.Test\LogMgrIISchdSrv.Test.csproj", "{8A64AAFB-22FC-484C-B74F-7DA9EEADD5DB}"
EndProject
Project("{FAE04EC0-301F-11D3-BF4B-00C04F79EFBC}") = "PCReport", "PCReport\PCReport.csproj", "{F541CAC4-96D2-4724-85A7-AB077337CB3E}"
EndProject
Project("{FAE04EC0-301F-11D3-BF4B-00C04F79EFBC}") = "BeforeInstallActions", "BeforeInstallActions\BeforeInstallActions.csproj", "{7E8E5DA7-5157-4AAF-BDD8-8443BA8E419D}"
EndProject
Project("{FAE04EC0-301F-11D3-BF4B-00C04F79EFBC}") = "AfterInstallActions", "AfterInstallActions\AfterInstallActions.csproj", "{459E92BE-7E1C-44B4-9052-A4B3ACE80B27}"
EndProject
Project("{FAE04EC0-301F-11D3-BF4B-00C04F79EFBC}") = "SetupStarter", "SetupStarter\SetupStarter.csproj", "{FD782C20-3056-485D-BCDF-C8DF3AECBC50}"
EndProject
Global
	GlobalSection(TestCaseManagementSettings) = postSolution
		CategoryFile = WebConsole.vsmdi
	EndGlobalSection
	GlobalSection(SourceCodeControl) = preSolution
		SccNumberOfProjects = 64
		SccProjectName0 = \u0022$/CSS/WebConsole.root/WebConsole/WebConsole_scaleout\u0022,\u0020VSIFAAAA
		SccLocalPath0 = .
		SccProvider0 = MSSCCI:Microsoft\u0020Visual\u0020SourceSafe
		SccProjectUniqueName1 = CalendarCommonLib\\CalendarCommonLib.csproj
		SccLocalPath1 = .
		SccProjectFilePathRelativizedFromConnection1 = CalendarCommonLib\\
		SccProjectUniqueName2 = CalendarLib\\CalendarLib.csproj
		SccLocalPath2 = .
		SccProjectFilePathRelativizedFromConnection2 = CalendarLib\\
		SccProjectUniqueName3 = CalendarProxyLib\\CalendarProxyLib.csproj
		SccLocalPath3 = .
		SccProjectFilePathRelativizedFromConnection3 = CalendarProxyLib\\
		SccProjectUniqueName4 = CalendarServiceLib\\CalendarServiceLib.csproj
		SccLocalPath4 = .
		SccProjectFilePathRelativizedFromConnection4 = CalendarServiceLib\\
		SccProjectUniqueName5 = CommonControlLib\\CommonControlLib.csproj
		SccLocalPath5 = .
		SccProjectFilePathRelativizedFromConnection5 = CommonControlLib\\
		SccProjectUniqueName6 = CSVCommonLib\\CSVCommonLib.csproj
		SccLocalPath6 = .
		SccProjectFilePathRelativizedFromConnection6 = CSVCommonLib\\
		SccProjectUniqueName7 = CSVControlLib\\CSVControlLib.csproj
		SccLocalPath7 = .
		SccProjectFilePathRelativizedFromConnection7 = CSVControlLib\\
		SccProjectUniqueName8 = CSVProxyLib\\CSVProxyLib.csproj
		SccLocalPath8 = .
		SccProjectFilePathRelativizedFromConnection8 = CSVProxyLib\\
		SccProjectUniqueName9 = CSVServiceLib\\CSVServiceLib.csproj
		SccLocalPath9 = .
		SccProjectFilePathRelativizedFromConnection9 = CSVServiceLib\\
		SccProjectUniqueName10 = DetailsGridCommonLib\\DetailsGridCommonLib.csproj
		SccLocalPath10 = .
		SccProjectFilePathRelativizedFromConnection10 = DetailsGridCommonLib\\
		SccProjectUniqueName11 = DetailsGridLib\\DetailsGridLib.csproj
		SccLocalPath11 = .
		SccProjectFilePathRelativizedFromConnection11 = DetailsGridLib\\
		SccProjectUniqueName12 = DetailsProxyLib\\DetailsProxyLib.csproj
		SccLocalPath12 = .
		SccProjectFilePathRelativizedFromConnection12 = DetailsProxyLib\\
		SccProjectUniqueName13 = DetailsServiceLib\\DetailsServiceLib.csproj
		SccLocalPath13 = .
		SccProjectFilePathRelativizedFromConnection13 = DetailsServiceLib\\
		SccProjectUniqueName14 = EdmxLib\\EdmxLib.csproj
		SccLocalPath14 = .
		SccProjectFilePathRelativizedFromConnection14 = EdmxLib\\
		SccProjectUniqueName15 = FastGridLib\\FastGridLib.csproj
		SccLocalPath15 = .
		SccProjectFilePathRelativizedFromConnection15 = FastGridLib\\
		SccProjectUniqueName16 = InfoCenterClientLib\\InfoCenterClientLib.csproj
		SccLocalPath16 = .
		SccProjectFilePathRelativizedFromConnection16 = InfoCenterClientLib\\
		SccProjectUniqueName17 = InfoCenterSrvLib\\InfoCenterSrvLib.csproj
		SccLocalPath17 = .
		SccProjectFilePathRelativizedFromConnection17 = InfoCenterSrvLib\\
		SccProjectUniqueName18 = InstallAction\\InstallAction.csproj
		SccLocalPath18 = .
		SccProjectFilePathRelativizedFromConnection18 = InstallAction\\
		SccProjectUniqueName19 = LogMgrSysConfig\\LogMgrSysConfig.csproj
		SccLocalPath19 = .
		SccProjectFilePathRelativizedFromConnection19 = LogMgrSysConfig\\
		SccProjectUniqueName20 = LogonState\\LogonState.csproj
		SccLocalPath20 = .
		SccProjectFilePathRelativizedFromConnection20 = LogonState\\
		SccProjectUniqueName21 = ParamControlLib\\ParamControlLib.csproj
		SccLocalPath21 = .
		SccProjectFilePathRelativizedFromConnection21 = ParamControlLib\\
		SccProjectUniqueName22 = TimeTabelServiceLib\\TimeTableServiceLib.csproj
		SccLocalPath22 = .
		SccProjectFilePathRelativizedFromConnection22 = TimeTabelServiceLib\\
		SccProjectUniqueName23 = TimeTableCommonLib\\TimeTableCommonLib.csproj
		SccLocalPath23 = .
		SccProjectFilePathRelativizedFromConnection23 = TimeTableCommonLib\\
		SccProjectUniqueName24 = TimeTableLib\\TimeTableLib.csproj
		SccLocalPath24 = .
		SccProjectFilePathRelativizedFromConnection24 = TimeTableLib\\
		SccProjectUniqueName25 = TimeTableProxyLib\\TimeTableProxyLib.csproj
		SccLocalPath25 = .
		SccProjectFilePathRelativizedFromConnection25 = TimeTableProxyLib\\
		SccProjectUniqueName26 = UserInfoCommonLib\\UserInfoCommonLib.csproj
		SccLocalPath26 = .
		SccProjectFilePathRelativizedFromConnection26 = UserInfoCommonLib\\
		SccProjectUniqueName27 = UserInfoProxyLib\\UserInfoProxyLib.csproj
		SccLocalPath27 = .
		SccProjectFilePathRelativizedFromConnection27 = UserInfoProxyLib\\
		SccProjectUniqueName28 = UserInfoServiceLib\\UserInfoServiceLib.csproj
		SccLocalPath28 = .
		SccProjectFilePathRelativizedFromConnection28 = UserInfoServiceLib\\
		SccProjectUniqueName29 = UserTreeLib\\UserTreeLib.csproj
		SccLocalPath29 = .
		SccProjectFilePathRelativizedFromConnection29 = UserTreeLib\\
		SccProjectUniqueName30 = WebConsole.Web\\WebConsole.Web.csproj
		SccLocalPath30 = .
		SccProjectFilePathRelativizedFromConnection30 = WebConsole.Web\\
		SccProjectUniqueName31 = WebConsole\\WebConsole.csproj
		SccLocalPath31 = .
		SccProjectFilePathRelativizedFromConnection31 = WebConsole\\
		SccProjectUniqueName32 = WebConsoleCommonLib.Web\\WebConsoleCommonLib.Web.csproj
		SccLocalPath32 = .
		SccProjectFilePathRelativizedFromConnection32 = WebConsoleCommonLib.Web\\
		SccProjectUniqueName33 = WebConsoleCommonLib\\WebConsoleCommonLib.csproj
		SccLocalPath33 = .
		SccProjectFilePathRelativizedFromConnection33 = WebConsoleCommonLib\\
		SccProjectUniqueName34 = WebConsoleInstaller\\WebConsoleInstaller.vdproj
		SccLocalPath34 = .
		SccProjectFilePathRelativizedFromConnection34 = WebConsoleInstaller\\
		SccProjectUniqueName35 = LogProxyLib\\LogProxyLib.csproj
		SccLocalPath35 = .
		SccProjectFilePathRelativizedFromConnection35 = LogProxyLib\\
		SccProjectUniqueName36 = LogServiceLib\\LogServiceLib.csproj
		SccLocalPath36 = .
		SccProjectFilePathRelativizedFromConnection36 = LogServiceLib\\
		SccProjectUniqueName37 = WebConsole.Web.Test\\WebConsole.Web.Test.csproj
		SccLocalPath37 = .
		SccProjectFilePathRelativizedFromConnection37 = WebConsole.Web.Test\\
		SccProjectUniqueName38 = FileTrace\\FileTrace.csproj
		SccLocalPath38 = .
		SccProjectFilePathRelativizedFromConnection38 = FileTrace\\
		SccProjectUniqueName39 = FileTraceServiceLib\\FileTraceServiceLib.csproj
		SccLocalPath39 = .
		SccProjectFilePathRelativizedFromConnection39 = FileTraceServiceLib\\
		SccProjectUniqueName40 = MultiBindingLib\\MultiBindingLib.csproj
		SccLocalPath40 = .
		SccProjectFilePathRelativizedFromConnection40 = MultiBindingLib\\
		SccProjectUniqueName41 = LogSearch\\LogSearch.csproj
		SccLocalPath41 = .
		SccProjectFilePathRelativizedFromConnection41 = LogSearch\\
		SccProjectUniqueName42 = Startup\\Common.Startup.csproj
		SccLocalPath42 = .
		SccProjectFilePathRelativizedFromConnection42 = Startup\\
		SccProjectUniqueName43 = LogSearch.Parts\\LogSearch.Parts.csproj
		SccLocalPath43 = .
		SccProjectFilePathRelativizedFromConnection43 = LogSearch.Parts\\
		SccProjectUniqueName44 = LogBatch.Parts\\LogBatch.Parts.csproj
		SccLocalPath44 = .
		SccProjectFilePathRelativizedFromConnection44 = LogBatch.Parts\\
		SccProjectUniqueName45 = LogTotal\\LogTotal.csproj
		SccLocalPath45 = .
		SccProjectFilePathRelativizedFromConnection45 = LogTotal\\
		SccProjectUniqueName46 = LogTotal.Parts\\LogTotal.Parts.csproj
		SccLocalPath46 = .
		SccProjectFilePathRelativizedFromConnection46 = LogTotal.Parts\\
		SccProjectUniqueName47 = LogTotal.Design.Web\\LogTotal.Design.Web.csproj
		SccLocalPath47 = .
		SccProjectFilePathRelativizedFromConnection47 = LogTotal.Design.Web\\
		SccProjectUniqueName48 = LogSearch.Design.Web\\LogSearch.Design.Web.csproj
		SccLocalPath48 = .
		SccProjectFilePathRelativizedFromConnection48 = LogSearch.Design.Web\\
		SccProjectUniqueName49 = LogBatch\\LogBatch.csproj
		SccLocalPath49 = .
		SccProjectFilePathRelativizedFromConnection49 = LogBatch\\
		SccProjectUniqueName50 = LogBatch.Design.Web\\LogBatch.Design.Web.csproj
		SccLocalPath50 = .
		SccProjectFilePathRelativizedFromConnection50 = LogBatch.Design.Web\\
		SccProjectUniqueName51 = UserLogSchedule\\UserLogSchedule.csproj
		SccLocalPath51 = .
		SccProjectFilePathRelativizedFromConnection51 = UserLogSchedule\\
		SccProjectUniqueName52 = UserLogSchedule.Design.Web\\UserLogSchedule.Design.Web.csproj
		SccLocalPath52 = .
		SccProjectFilePathRelativizedFromConnection52 = UserLogSchedule.Design.Web\\
		SccProjectUniqueName53 = SMLLogCore\\SMLLogCore.csproj
		SccLocalPath53 = .
		SccProjectFilePathRelativizedFromConnection53 = SMLLogCore\\
		SccProjectUniqueName54 = UserLogSchedule.Test\\UserLogSchedule.Test.csproj
		SccLocalPath54 = .
		SccProjectFilePathRelativizedFromConnection54 = UserLogSchedule.Test\\
		SccProjectUniqueName55 = UserScheduleServiceLib\\UserScheduleServiceLib.csproj
		SccLocalPath55 = .
		SccProjectFilePathRelativizedFromConnection55 = UserScheduleServiceLib\\
		SccProjectUniqueName56 = BatchServiceLib\\BatchServiceLib.csproj
		SccLocalPath56 = .
		SccProjectFilePathRelativizedFromConnection56 = BatchServiceLib\\
		SccProjectUniqueName57 = SMLLogCore.Test\\SMLLogCore.Test.csproj
		SccLocalPath57 = .
		SccProjectFilePathRelativizedFromConnection57 = SMLLogCore.Test\\
		SccProjectUniqueName58 = LogMgrIIScheduler\\LogMgrIIScheduler.csproj
		SccLocalPath58 = .
		SccProjectFilePathRelativizedFromConnection58 = LogMgrIIScheduler\\
		SccProjectUniqueName59 = LogMgrIISchdSrv.Test\\LogMgrIISchdSrv.Test.csproj
		SccLocalPath59 = .
		SccProjectFilePathRelativizedFromConnection59 = LogMgrIISchdSrv.Test\\
		SccProjectUniqueName60 = PCReport\\PCReport.csproj
		SccLocalPath60 = .
		SccProjectFilePathRelativizedFromConnection60 = PCReport\\
		SccProjectUniqueName61 = AfterInstallActions\\AfterInstallActions.csproj
		SccLocalPath61 = .
		SccProjectFilePathRelativizedFromConnection61 = AfterInstallActions\\
		SccProjectUniqueName62 = BeforeInstallActions\\BeforeInstallActions.csproj
		SccLocalPath62 = .
		SccProjectFilePathRelativizedFromConnection62 = BeforeInstallActions\\
		SccProjectUniqueName63 = SetupStarter\\SetupStarter.csproj
		SccLocalPath63 = .
		SccProjectFilePathRelativizedFromConnection63 = SetupStarter\\
	EndGlobalSection
	GlobalSection(SolutionConfigurationPlatforms) = preSolution
		Debug|Any CPU = Debug|Any CPU
		Debug|Mixed Platforms = Debug|Mixed Platforms
		Debug|x86 = Debug|x86
		Release|Any CPU = Release|Any CPU
		Release|Mixed Platforms = Release|Mixed Platforms
		Release|x86 = Release|x86
	EndGlobalSection
	GlobalSection(ProjectConfigurationPlatforms) = postSolution
		{391CE06B-801B-4E38-8700-94B2C30788C4}.Debug|Any CPU.ActiveCfg = Debug|Any CPU
		{391CE06B-801B-4E38-8700-94B2C30788C4}.Debug|Any CPU.Build.0 = Debug|Any CPU
		{391CE06B-801B-4E38-8700-94B2C30788C4}.Debug|Mixed Platforms.ActiveCfg = Debug|Any CPU
		{391CE06B-801B-4E38-8700-94B2C30788C4}.Debug|Mixed Platforms.Build.0 = Debug|Any CPU
		{391CE06B-801B-4E38-8700-94B2C30788C4}.Debug|x86.ActiveCfg = Debug|Any CPU
		{391CE06B-801B-4E38-8700-94B2C30788C4}.Release|Any CPU.ActiveCfg = Release|Any CPU
		{391CE06B-801B-4E38-8700-94B2C30788C4}.Release|Any CPU.Build.0 = Release|Any CPU
		{391CE06B-801B-4E38-8700-94B2C30788C4}.Release|Mixed Platforms.ActiveCfg = Release|Any CPU
		{391CE06B-801B-4E38-8700-94B2C30788C4}.Release|Mixed Platforms.Build.0 = Release|Any CPU
		{391CE06B-801B-4E38-8700-94B2C30788C4}.Release|x86.ActiveCfg = Release|Any CPU
		{B937991E-9CE3-47C2-B70F-9A7DE918BCF1}.Debug|Any CPU.ActiveCfg = Debug|Any CPU
		{B937991E-9CE3-47C2-B70F-9A7DE918BCF1}.Debug|Any CPU.Build.0 = Debug|Any CPU
		{B937991E-9CE3-47C2-B70F-9A7DE918BCF1}.Debug|Mixed Platforms.ActiveCfg = Debug|Any CPU
		{B937991E-9CE3-47C2-B70F-9A7DE918BCF1}.Debug|Mixed Platforms.Build.0 = Debug|Any CPU
		{B937991E-9CE3-47C2-B70F-9A7DE918BCF1}.Debug|x86.ActiveCfg = Debug|Any CPU
		{B937991E-9CE3-47C2-B70F-9A7DE918BCF1}.Release|Any CPU.ActiveCfg = Release|Any CPU
		{B937991E-9CE3-47C2-B70F-9A7DE918BCF1}.Release|Any CPU.Build.0 = Release|Any CPU
		{B937991E-9CE3-47C2-B70F-9A7DE918BCF1}.Release|Mixed Platforms.ActiveCfg = Release|Any CPU
		{B937991E-9CE3-47C2-B70F-9A7DE918BCF1}.Release|Mixed Platforms.Build.0 = Release|Any CPU
		{B937991E-9CE3-47C2-B70F-9A7DE918BCF1}.Release|x86.ActiveCfg = Release|Any CPU
		{7556D06E-7746-4AB2-A213-1D6A3E421D11}.Debug|Any CPU.ActiveCfg = Debug|Any CPU
		{7556D06E-7746-4AB2-A213-1D6A3E421D11}.Debug|Any CPU.Build.0 = Debug|Any CPU
		{7556D06E-7746-4AB2-A213-1D6A3E421D11}.Debug|Mixed Platforms.ActiveCfg = Debug|Any CPU
		{7556D06E-7746-4AB2-A213-1D6A3E421D11}.Debug|Mixed Platforms.Build.0 = Debug|Any CPU
		{7556D06E-7746-4AB2-A213-1D6A3E421D11}.Debug|x86.ActiveCfg = Debug|Any CPU
		{7556D06E-7746-4AB2-A213-1D6A3E421D11}.Release|Any CPU.ActiveCfg = Release|Any CPU
		{7556D06E-7746-4AB2-A213-1D6A3E421D11}.Release|Any CPU.Build.0 = Release|Any CPU
		{7556D06E-7746-4AB2-A213-1D6A3E421D11}.Release|Mixed Platforms.ActiveCfg = Release|Any CPU
		{7556D06E-7746-4AB2-A213-1D6A3E421D11}.Release|Mixed Platforms.Build.0 = Release|Any CPU
		{7556D06E-7746-4AB2-A213-1D6A3E421D11}.Release|x86.ActiveCfg = Release|Any CPU
		{AC8101E0-5F0E-46BA-911B-E919551C04FB}.Debug|Any CPU.ActiveCfg = Debug|Any CPU
		{AC8101E0-5F0E-46BA-911B-E919551C04FB}.Debug|Any CPU.Build.0 = Debug|Any CPU
		{AC8101E0-5F0E-46BA-911B-E919551C04FB}.Debug|Mixed Platforms.ActiveCfg = Debug|Any CPU
		{AC8101E0-5F0E-46BA-911B-E919551C04FB}.Debug|Mixed Platforms.Build.0 = Debug|Any CPU
		{AC8101E0-5F0E-46BA-911B-E919551C04FB}.Debug|x86.ActiveCfg = Debug|Any CPU
		{AC8101E0-5F0E-46BA-911B-E919551C04FB}.Release|Any CPU.ActiveCfg = Release|Any CPU
		{AC8101E0-5F0E-46BA-911B-E919551C04FB}.Release|Any CPU.Build.0 = Release|Any CPU
		{AC8101E0-5F0E-46BA-911B-E919551C04FB}.Release|Mixed Platforms.ActiveCfg = Release|Any CPU
		{AC8101E0-5F0E-46BA-911B-E919551C04FB}.Release|Mixed Platforms.Build.0 = Release|Any CPU
		{AC8101E0-5F0E-46BA-911B-E919551C04FB}.Release|x86.ActiveCfg = Release|Any CPU
		{5E149E31-A453-450D-99D1-8B2D4977774A}.Debug|Any CPU.ActiveCfg = Debug|Any CPU
		{5E149E31-A453-450D-99D1-8B2D4977774A}.Debug|Any CPU.Build.0 = Debug|Any CPU
		{5E149E31-A453-450D-99D1-8B2D4977774A}.Debug|Mixed Platforms.ActiveCfg = Debug|Any CPU
		{5E149E31-A453-450D-99D1-8B2D4977774A}.Debug|Mixed Platforms.Build.0 = Debug|Any CPU
		{5E149E31-A453-450D-99D1-8B2D4977774A}.Debug|x86.ActiveCfg = Debug|Any CPU
		{5E149E31-A453-450D-99D1-8B2D4977774A}.Release|Any CPU.ActiveCfg = Release|Any CPU
		{5E149E31-A453-450D-99D1-8B2D4977774A}.Release|Any CPU.Build.0 = Release|Any CPU
		{5E149E31-A453-450D-99D1-8B2D4977774A}.Release|Mixed Platforms.ActiveCfg = Release|Any CPU
		{5E149E31-A453-450D-99D1-8B2D4977774A}.Release|Mixed Platforms.Build.0 = Release|Any CPU
		{5E149E31-A453-450D-99D1-8B2D4977774A}.Release|x86.ActiveCfg = Release|Any CPU
		{FEF2C882-1F5E-4698-88C4-7C73BB2705AE}.Debug|Any CPU.ActiveCfg = Debug|Any CPU
		{FEF2C882-1F5E-4698-88C4-7C73BB2705AE}.Debug|Any CPU.Build.0 = Debug|Any CPU
		{FEF2C882-1F5E-4698-88C4-7C73BB2705AE}.Debug|Mixed Platforms.ActiveCfg = Debug|Any CPU
		{FEF2C882-1F5E-4698-88C4-7C73BB2705AE}.Debug|Mixed Platforms.Build.0 = Debug|Any CPU
		{FEF2C882-1F5E-4698-88C4-7C73BB2705AE}.Debug|x86.ActiveCfg = Debug|Any CPU
		{FEF2C882-1F5E-4698-88C4-7C73BB2705AE}.Release|Any CPU.ActiveCfg = Release|Any CPU
		{FEF2C882-1F5E-4698-88C4-7C73BB2705AE}.Release|Any CPU.Build.0 = Release|Any CPU
		{FEF2C882-1F5E-4698-88C4-7C73BB2705AE}.Release|Mixed Platforms.ActiveCfg = Release|Any CPU
		{FEF2C882-1F5E-4698-88C4-7C73BB2705AE}.Release|Mixed Platforms.Build.0 = Release|Any CPU
		{FEF2C882-1F5E-4698-88C4-7C73BB2705AE}.Release|x86.ActiveCfg = Release|Any CPU
		{A710167E-6A9B-4C90-9F9B-7AB44A22492D}.Debug|Any CPU.ActiveCfg = Debug|Any CPU
		{A710167E-6A9B-4C90-9F9B-7AB44A22492D}.Debug|Any CPU.Build.0 = Debug|Any CPU
		{A710167E-6A9B-4C90-9F9B-7AB44A22492D}.Debug|Mixed Platforms.ActiveCfg = Debug|Any CPU
		{A710167E-6A9B-4C90-9F9B-7AB44A22492D}.Debug|Mixed Platforms.Build.0 = Debug|Any CPU
		{A710167E-6A9B-4C90-9F9B-7AB44A22492D}.Debug|x86.ActiveCfg = Debug|Any CPU
		{A710167E-6A9B-4C90-9F9B-7AB44A22492D}.Release|Any CPU.ActiveCfg = Release|Any CPU
		{A710167E-6A9B-4C90-9F9B-7AB44A22492D}.Release|Any CPU.Build.0 = Release|Any CPU
		{A710167E-6A9B-4C90-9F9B-7AB44A22492D}.Release|Mixed Platforms.ActiveCfg = Release|Any CPU
		{A710167E-6A9B-4C90-9F9B-7AB44A22492D}.Release|Mixed Platforms.Build.0 = Release|Any CPU
		{A710167E-6A9B-4C90-9F9B-7AB44A22492D}.Release|x86.ActiveCfg = Release|Any CPU
		{F51AFB39-322B-467D-8EA7-7F54BDAEBA12}.Debug|Any CPU.ActiveCfg = Debug|Any CPU
		{F51AFB39-322B-467D-8EA7-7F54BDAEBA12}.Debug|Any CPU.Build.0 = Debug|Any CPU
		{F51AFB39-322B-467D-8EA7-7F54BDAEBA12}.Debug|Mixed Platforms.ActiveCfg = Debug|Any CPU
		{F51AFB39-322B-467D-8EA7-7F54BDAEBA12}.Debug|Mixed Platforms.Build.0 = Debug|Any CPU
		{F51AFB39-322B-467D-8EA7-7F54BDAEBA12}.Debug|x86.ActiveCfg = Debug|Any CPU
		{F51AFB39-322B-467D-8EA7-7F54BDAEBA12}.Release|Any CPU.ActiveCfg = Release|Any CPU
		{F51AFB39-322B-467D-8EA7-7F54BDAEBA12}.Release|Any CPU.Build.0 = Release|Any CPU
		{F51AFB39-322B-467D-8EA7-7F54BDAEBA12}.Release|Mixed Platforms.ActiveCfg = Release|Any CPU
		{F51AFB39-322B-467D-8EA7-7F54BDAEBA12}.Release|Mixed Platforms.Build.0 = Release|Any CPU
		{F51AFB39-322B-467D-8EA7-7F54BDAEBA12}.Release|x86.ActiveCfg = Release|Any CPU
		{474CB0F6-4EBD-4479-9D1A-D389A59DC8D1}.Debug|Any CPU.ActiveCfg = Debug|Any CPU
		{474CB0F6-4EBD-4479-9D1A-D389A59DC8D1}.Debug|Any CPU.Build.0 = Debug|Any CPU
		{474CB0F6-4EBD-4479-9D1A-D389A59DC8D1}.Debug|Mixed Platforms.ActiveCfg = Debug|Any CPU
		{474CB0F6-4EBD-4479-9D1A-D389A59DC8D1}.Debug|Mixed Platforms.Build.0 = Debug|Any CPU
		{474CB0F6-4EBD-4479-9D1A-D389A59DC8D1}.Debug|x86.ActiveCfg = Debug|Any CPU
		{474CB0F6-4EBD-4479-9D1A-D389A59DC8D1}.Release|Any CPU.ActiveCfg = Release|Any CPU
		{474CB0F6-4EBD-4479-9D1A-D389A59DC8D1}.Release|Any CPU.Build.0 = Release|Any CPU
		{474CB0F6-4EBD-4479-9D1A-D389A59DC8D1}.Release|Mixed Platforms.ActiveCfg = Release|Any CPU
		{474CB0F6-4EBD-4479-9D1A-D389A59DC8D1}.Release|Mixed Platforms.Build.0 = Release|Any CPU
		{474CB0F6-4EBD-4479-9D1A-D389A59DC8D1}.Release|x86.ActiveCfg = Release|Any CPU
		{5FFE0215-AB7C-483D-8FAA-7624967B7E0C}.Debug|Any CPU.ActiveCfg = Debug|Any CPU
		{5FFE0215-AB7C-483D-8FAA-7624967B7E0C}.Debug|Any CPU.Build.0 = Debug|Any CPU
		{5FFE0215-AB7C-483D-8FAA-7624967B7E0C}.Debug|Mixed Platforms.ActiveCfg = Debug|Any CPU
		{5FFE0215-AB7C-483D-8FAA-7624967B7E0C}.Debug|Mixed Platforms.Build.0 = Debug|Any CPU
		{5FFE0215-AB7C-483D-8FAA-7624967B7E0C}.Debug|x86.ActiveCfg = Debug|Any CPU
		{5FFE0215-AB7C-483D-8FAA-7624967B7E0C}.Release|Any CPU.ActiveCfg = Release|Any CPU
		{5FFE0215-AB7C-483D-8FAA-7624967B7E0C}.Release|Any CPU.Build.0 = Release|Any CPU
		{5FFE0215-AB7C-483D-8FAA-7624967B7E0C}.Release|Mixed Platforms.ActiveCfg = Release|Any CPU
		{5FFE0215-AB7C-483D-8FAA-7624967B7E0C}.Release|Mixed Platforms.Build.0 = Release|Any CPU
		{5FFE0215-AB7C-483D-8FAA-7624967B7E0C}.Release|x86.ActiveCfg = Release|Any CPU
		{9E6DF138-CFB1-4DC7-A283-129873CAEEAA}.Debug|Any CPU.ActiveCfg = Debug|Any CPU
		{9E6DF138-CFB1-4DC7-A283-129873CAEEAA}.Debug|Any CPU.Build.0 = Debug|Any CPU
		{9E6DF138-CFB1-4DC7-A283-129873CAEEAA}.Debug|Mixed Platforms.ActiveCfg = Debug|Any CPU
		{9E6DF138-CFB1-4DC7-A283-129873CAEEAA}.Debug|Mixed Platforms.Build.0 = Debug|Any CPU
		{9E6DF138-CFB1-4DC7-A283-129873CAEEAA}.Debug|x86.ActiveCfg = Debug|Any CPU
		{9E6DF138-CFB1-4DC7-A283-129873CAEEAA}.Release|Any CPU.ActiveCfg = Release|Any CPU
		{9E6DF138-CFB1-4DC7-A283-129873CAEEAA}.Release|Any CPU.Build.0 = Release|Any CPU
		{9E6DF138-CFB1-4DC7-A283-129873CAEEAA}.Release|Mixed Platforms.ActiveCfg = Release|Any CPU
		{9E6DF138-CFB1-4DC7-A283-129873CAEEAA}.Release|Mixed Platforms.Build.0 = Release|Any CPU
		{9E6DF138-CFB1-4DC7-A283-129873CAEEAA}.Release|x86.ActiveCfg = Release|Any CPU
		{5546C6C1-B19F-4396-83A0-B166D1111FED}.Debug|Any CPU.ActiveCfg = Debug|Any CPU
		{5546C6C1-B19F-4396-83A0-B166D1111FED}.Debug|Any CPU.Build.0 = Debug|Any CPU
		{5546C6C1-B19F-4396-83A0-B166D1111FED}.Debug|Mixed Platforms.ActiveCfg = Debug|Any CPU
		{5546C6C1-B19F-4396-83A0-B166D1111FED}.Debug|Mixed Platforms.Build.0 = Debug|Any CPU
		{5546C6C1-B19F-4396-83A0-B166D1111FED}.Debug|x86.ActiveCfg = Debug|Any CPU
		{5546C6C1-B19F-4396-83A0-B166D1111FED}.Release|Any CPU.ActiveCfg = Release|Any CPU
		{5546C6C1-B19F-4396-83A0-B166D1111FED}.Release|Any CPU.Build.0 = Release|Any CPU
		{5546C6C1-B19F-4396-83A0-B166D1111FED}.Release|Mixed Platforms.ActiveCfg = Release|Any CPU
		{5546C6C1-B19F-4396-83A0-B166D1111FED}.Release|Mixed Platforms.Build.0 = Release|Any CPU
		{5546C6C1-B19F-4396-83A0-B166D1111FED}.Release|x86.ActiveCfg = Release|Any CPU
		{07D67AA8-003E-4BE9-B489-E1EDFF431C36}.Debug|Any CPU.ActiveCfg = Debug|Any CPU
		{07D67AA8-003E-4BE9-B489-E1EDFF431C36}.Debug|Any CPU.Build.0 = Debug|Any CPU
		{07D67AA8-003E-4BE9-B489-E1EDFF431C36}.Debug|Mixed Platforms.ActiveCfg = Debug|Any CPU
		{07D67AA8-003E-4BE9-B489-E1EDFF431C36}.Debug|Mixed Platforms.Build.0 = Debug|Any CPU
		{07D67AA8-003E-4BE9-B489-E1EDFF431C36}.Debug|x86.ActiveCfg = Debug|Any CPU
		{07D67AA8-003E-4BE9-B489-E1EDFF431C36}.Release|Any CPU.ActiveCfg = Release|Any CPU
		{07D67AA8-003E-4BE9-B489-E1EDFF431C36}.Release|Any CPU.Build.0 = Release|Any CPU
		{07D67AA8-003E-4BE9-B489-E1EDFF431C36}.Release|Mixed Platforms.ActiveCfg = Release|Any CPU
		{07D67AA8-003E-4BE9-B489-E1EDFF431C36}.Release|Mixed Platforms.Build.0 = Release|Any CPU
		{07D67AA8-003E-4BE9-B489-E1EDFF431C36}.Release|x86.ActiveCfg = Release|Any CPU
		{56DECF00-A737-474F-9DB9-A47D17057B99}.Debug|Any CPU.ActiveCfg = Debug|Any CPU
		{56DECF00-A737-474F-9DB9-A47D17057B99}.Debug|Any CPU.Build.0 = Debug|Any CPU
		{56DECF00-A737-474F-9DB9-A47D17057B99}.Debug|Mixed Platforms.ActiveCfg = Debug|Any CPU
		{56DECF00-A737-474F-9DB9-A47D17057B99}.Debug|Mixed Platforms.Build.0 = Debug|Any CPU
		{56DECF00-A737-474F-9DB9-A47D17057B99}.Debug|x86.ActiveCfg = Debug|Any CPU
		{56DECF00-A737-474F-9DB9-A47D17057B99}.Release|Any CPU.ActiveCfg = Release|Any CPU
		{56DECF00-A737-474F-9DB9-A47D17057B99}.Release|Any CPU.Build.0 = Release|Any CPU
		{56DECF00-A737-474F-9DB9-A47D17057B99}.Release|Mixed Platforms.ActiveCfg = Release|Any CPU
		{56DECF00-A737-474F-9DB9-A47D17057B99}.Release|Mixed Platforms.Build.0 = Release|Any CPU
		{56DECF00-A737-474F-9DB9-A47D17057B99}.Release|x86.ActiveCfg = Release|Any CPU
		{3D4F1F6C-0D5A-46F7-86F8-0B7A4074D711}.Debug|Any CPU.ActiveCfg = Debug|Any CPU
		{3D4F1F6C-0D5A-46F7-86F8-0B7A4074D711}.Debug|Any CPU.Build.0 = Debug|Any CPU
		{3D4F1F6C-0D5A-46F7-86F8-0B7A4074D711}.Debug|Mixed Platforms.ActiveCfg = Debug|Any CPU
		{3D4F1F6C-0D5A-46F7-86F8-0B7A4074D711}.Debug|Mixed Platforms.Build.0 = Debug|Any CPU
		{3D4F1F6C-0D5A-46F7-86F8-0B7A4074D711}.Debug|x86.ActiveCfg = Debug|Any CPU
		{3D4F1F6C-0D5A-46F7-86F8-0B7A4074D711}.Release|Any CPU.ActiveCfg = Release|Any CPU
		{3D4F1F6C-0D5A-46F7-86F8-0B7A4074D711}.Release|Any CPU.Build.0 = Release|Any CPU
		{3D4F1F6C-0D5A-46F7-86F8-0B7A4074D711}.Release|Mixed Platforms.ActiveCfg = Release|Any CPU
		{3D4F1F6C-0D5A-46F7-86F8-0B7A4074D711}.Release|Mixed Platforms.Build.0 = Release|Any CPU
		{3D4F1F6C-0D5A-46F7-86F8-0B7A4074D711}.Release|x86.ActiveCfg = Release|Any CPU
		{D89DCEAC-F649-480B-AACC-CB502070BF67}.Debug|Any CPU.ActiveCfg = Debug|Any CPU
		{D89DCEAC-F649-480B-AACC-CB502070BF67}.Debug|Any CPU.Build.0 = Debug|Any CPU
		{D89DCEAC-F649-480B-AACC-CB502070BF67}.Debug|Mixed Platforms.ActiveCfg = Debug|Any CPU
		{D89DCEAC-F649-480B-AACC-CB502070BF67}.Debug|Mixed Platforms.Build.0 = Debug|Any CPU
		{D89DCEAC-F649-480B-AACC-CB502070BF67}.Debug|x86.ActiveCfg = Debug|Any CPU
		{D89DCEAC-F649-480B-AACC-CB502070BF67}.Release|Any CPU.ActiveCfg = Release|Any CPU
		{D89DCEAC-F649-480B-AACC-CB502070BF67}.Release|Any CPU.Build.0 = Release|Any CPU
		{D89DCEAC-F649-480B-AACC-CB502070BF67}.Release|Mixed Platforms.ActiveCfg = Release|Any CPU
		{D89DCEAC-F649-480B-AACC-CB502070BF67}.Release|Mixed Platforms.Build.0 = Release|Any CPU
		{D89DCEAC-F649-480B-AACC-CB502070BF67}.Release|x86.ActiveCfg = Release|Any CPU
		{B55E7E38-B3B6-400C-ABE0-A9C17504C61E}.Debug|Any CPU.ActiveCfg = Debug|Any CPU
		{B55E7E38-B3B6-400C-ABE0-A9C17504C61E}.Debug|Any CPU.Build.0 = Debug|Any CPU
		{B55E7E38-B3B6-400C-ABE0-A9C17504C61E}.Debug|Mixed Platforms.ActiveCfg = Debug|Any CPU
		{B55E7E38-B3B6-400C-ABE0-A9C17504C61E}.Debug|Mixed Platforms.Build.0 = Debug|Any CPU
		{B55E7E38-B3B6-400C-ABE0-A9C17504C61E}.Debug|x86.ActiveCfg = Debug|Any CPU
		{B55E7E38-B3B6-400C-ABE0-A9C17504C61E}.Release|Any CPU.ActiveCfg = Release|Any CPU
		{B55E7E38-B3B6-400C-ABE0-A9C17504C61E}.Release|Any CPU.Build.0 = Release|Any CPU
		{B55E7E38-B3B6-400C-ABE0-A9C17504C61E}.Release|Mixed Platforms.ActiveCfg = Release|Any CPU
		{B55E7E38-B3B6-400C-ABE0-A9C17504C61E}.Release|Mixed Platforms.Build.0 = Release|Any CPU
		{B55E7E38-B3B6-400C-ABE0-A9C17504C61E}.Release|x86.ActiveCfg = Release|Any CPU
		{B781509A-AD1C-4C64-8D8D-AA5583642E1A}.Debug|Any CPU.ActiveCfg = Debug|Any CPU
		{B781509A-AD1C-4C64-8D8D-AA5583642E1A}.Debug|Any CPU.Build.0 = Debug|Any CPU
		{B781509A-AD1C-4C64-8D8D-AA5583642E1A}.Debug|Mixed Platforms.ActiveCfg = Debug|Any CPU
		{B781509A-AD1C-4C64-8D8D-AA5583642E1A}.Debug|Mixed Platforms.Build.0 = Debug|Any CPU
		{B781509A-AD1C-4C64-8D8D-AA5583642E1A}.Debug|x86.ActiveCfg = Debug|Any CPU
		{B781509A-AD1C-4C64-8D8D-AA5583642E1A}.Release|Any CPU.ActiveCfg = Release|Any CPU
		{B781509A-AD1C-4C64-8D8D-AA5583642E1A}.Release|Any CPU.Build.0 = Release|Any CPU
		{B781509A-AD1C-4C64-8D8D-AA5583642E1A}.Release|Mixed Platforms.ActiveCfg = Release|Any CPU
		{B781509A-AD1C-4C64-8D8D-AA5583642E1A}.Release|Mixed Platforms.Build.0 = Release|Any CPU
		{B781509A-AD1C-4C64-8D8D-AA5583642E1A}.Release|x86.ActiveCfg = Release|Any CPU
		{6790150D-7814-4A10-BC9D-DB3BAE830567}.Debug|Any CPU.ActiveCfg = Debug|Any CPU
		{6790150D-7814-4A10-BC9D-DB3BAE830567}.Debug|Any CPU.Build.0 = Debug|Any CPU
		{6790150D-7814-4A10-BC9D-DB3BAE830567}.Debug|Mixed Platforms.ActiveCfg = Debug|Any CPU
		{6790150D-7814-4A10-BC9D-DB3BAE830567}.Debug|Mixed Platforms.Build.0 = Debug|Any CPU
		{6790150D-7814-4A10-BC9D-DB3BAE830567}.Debug|x86.ActiveCfg = Debug|Any CPU
		{6790150D-7814-4A10-BC9D-DB3BAE830567}.Release|Any CPU.ActiveCfg = Release|Any CPU
		{6790150D-7814-4A10-BC9D-DB3BAE830567}.Release|Any CPU.Build.0 = Release|Any CPU
		{6790150D-7814-4A10-BC9D-DB3BAE830567}.Release|Mixed Platforms.ActiveCfg = Release|Any CPU
		{6790150D-7814-4A10-BC9D-DB3BAE830567}.Release|Mixed Platforms.Build.0 = Release|Any CPU
		{6790150D-7814-4A10-BC9D-DB3BAE830567}.Release|x86.ActiveCfg = Release|Any CPU
		{10E5F986-5813-49A4-981B-574065F57471}.Debug|Any CPU.ActiveCfg = Debug|Any CPU
		{10E5F986-5813-49A4-981B-574065F57471}.Debug|Any CPU.Build.0 = Debug|Any CPU
		{10E5F986-5813-49A4-981B-574065F57471}.Debug|Mixed Platforms.ActiveCfg = Debug|Any CPU
		{10E5F986-5813-49A4-981B-574065F57471}.Debug|Mixed Platforms.Build.0 = Debug|Any CPU
		{10E5F986-5813-49A4-981B-574065F57471}.Debug|x86.ActiveCfg = Debug|Any CPU
		{10E5F986-5813-49A4-981B-574065F57471}.Release|Any CPU.ActiveCfg = Release|Any CPU
		{10E5F986-5813-49A4-981B-574065F57471}.Release|Any CPU.Build.0 = Release|Any CPU
		{10E5F986-5813-49A4-981B-574065F57471}.Release|Mixed Platforms.ActiveCfg = Release|Any CPU
		{10E5F986-5813-49A4-981B-574065F57471}.Release|Mixed Platforms.Build.0 = Release|Any CPU
		{10E5F986-5813-49A4-981B-574065F57471}.Release|x86.ActiveCfg = Release|Any CPU
		{25926975-48E0-4005-B0E5-A06FF1C935F2}.Debug|Any CPU.ActiveCfg = Debug|Any CPU
		{25926975-48E0-4005-B0E5-A06FF1C935F2}.Debug|Any CPU.Build.0 = Debug|Any CPU
		{25926975-48E0-4005-B0E5-A06FF1C935F2}.Debug|Mixed Platforms.ActiveCfg = Debug|Any CPU
		{25926975-48E0-4005-B0E5-A06FF1C935F2}.Debug|Mixed Platforms.Build.0 = Debug|Any CPU
		{25926975-48E0-4005-B0E5-A06FF1C935F2}.Debug|x86.ActiveCfg = Debug|Any CPU
		{25926975-48E0-4005-B0E5-A06FF1C935F2}.Release|Any CPU.ActiveCfg = Release|Any CPU
		{25926975-48E0-4005-B0E5-A06FF1C935F2}.Release|Any CPU.Build.0 = Release|Any CPU
		{25926975-48E0-4005-B0E5-A06FF1C935F2}.Release|Mixed Platforms.ActiveCfg = Release|Any CPU
		{25926975-48E0-4005-B0E5-A06FF1C935F2}.Release|Mixed Platforms.Build.0 = Release|Any CPU
		{25926975-48E0-4005-B0E5-A06FF1C935F2}.Release|x86.ActiveCfg = Release|Any CPU
		{8B45C7A4-9C3A-40BB-AFF7-7B8DEDA732A2}.Debug|Any CPU.ActiveCfg = Debug|Any CPU
		{8B45C7A4-9C3A-40BB-AFF7-7B8DEDA732A2}.Debug|Any CPU.Build.0 = Debug|Any CPU
		{8B45C7A4-9C3A-40BB-AFF7-7B8DEDA732A2}.Debug|Mixed Platforms.ActiveCfg = Debug|Any CPU
		{8B45C7A4-9C3A-40BB-AFF7-7B8DEDA732A2}.Debug|Mixed Platforms.Build.0 = Debug|Any CPU
		{8B45C7A4-9C3A-40BB-AFF7-7B8DEDA732A2}.Debug|x86.ActiveCfg = Debug|Any CPU
		{8B45C7A4-9C3A-40BB-AFF7-7B8DEDA732A2}.Release|Any CPU.ActiveCfg = Release|Any CPU
		{8B45C7A4-9C3A-40BB-AFF7-7B8DEDA732A2}.Release|Any CPU.Build.0 = Release|Any CPU
		{8B45C7A4-9C3A-40BB-AFF7-7B8DEDA732A2}.Release|Mixed Platforms.ActiveCfg = Release|Any CPU
		{8B45C7A4-9C3A-40BB-AFF7-7B8DEDA732A2}.Release|Mixed Platforms.Build.0 = Release|Any CPU
		{8B45C7A4-9C3A-40BB-AFF7-7B8DEDA732A2}.Release|x86.ActiveCfg = Release|Any CPU
		{D46EF02B-9BFF-4C13-8F76-E0C8AE2FCC89}.Debug|Any CPU.ActiveCfg = Debug|Any CPU
		{D46EF02B-9BFF-4C13-8F76-E0C8AE2FCC89}.Debug|Any CPU.Build.0 = Debug|Any CPU
		{D46EF02B-9BFF-4C13-8F76-E0C8AE2FCC89}.Debug|Mixed Platforms.ActiveCfg = Debug|Any CPU
		{D46EF02B-9BFF-4C13-8F76-E0C8AE2FCC89}.Debug|Mixed Platforms.Build.0 = Debug|Any CPU
		{D46EF02B-9BFF-4C13-8F76-E0C8AE2FCC89}.Debug|x86.ActiveCfg = Debug|Any CPU
		{D46EF02B-9BFF-4C13-8F76-E0C8AE2FCC89}.Release|Any CPU.ActiveCfg = Release|Any CPU
		{D46EF02B-9BFF-4C13-8F76-E0C8AE2FCC89}.Release|Any CPU.Build.0 = Release|Any CPU
		{D46EF02B-9BFF-4C13-8F76-E0C8AE2FCC89}.Release|Mixed Platforms.ActiveCfg = Release|Any CPU
		{D46EF02B-9BFF-4C13-8F76-E0C8AE2FCC89}.Release|Mixed Platforms.Build.0 = Release|Any CPU
		{D46EF02B-9BFF-4C13-8F76-E0C8AE2FCC89}.Release|x86.ActiveCfg = Release|Any CPU
		{2FA75922-756A-4C72-9799-EBD64436353A}.Debug|Any CPU.ActiveCfg = Debug|Any CPU
		{2FA75922-756A-4C72-9799-EBD64436353A}.Debug|Any CPU.Build.0 = Debug|Any CPU
		{2FA75922-756A-4C72-9799-EBD64436353A}.Debug|Mixed Platforms.ActiveCfg = Debug|Any CPU
		{2FA75922-756A-4C72-9799-EBD64436353A}.Debug|Mixed Platforms.Build.0 = Debug|Any CPU
		{2FA75922-756A-4C72-9799-EBD64436353A}.Debug|x86.ActiveCfg = Debug|Any CPU
		{2FA75922-756A-4C72-9799-EBD64436353A}.Release|Any CPU.ActiveCfg = Release|Any CPU
		{2FA75922-756A-4C72-9799-EBD64436353A}.Release|Any CPU.Build.0 = Release|Any CPU
		{2FA75922-756A-4C72-9799-EBD64436353A}.Release|Mixed Platforms.ActiveCfg = Release|Any CPU
		{2FA75922-756A-4C72-9799-EBD64436353A}.Release|Mixed Platforms.Build.0 = Release|Any CPU
		{2FA75922-756A-4C72-9799-EBD64436353A}.Release|x86.ActiveCfg = Release|Any CPU
		{695A6944-8E00-4046-8197-E15E1B0FF33F}.Debug|Any CPU.ActiveCfg = Debug|Any CPU
		{695A6944-8E00-4046-8197-E15E1B0FF33F}.Debug|Any CPU.Build.0 = Debug|Any CPU
		{695A6944-8E00-4046-8197-E15E1B0FF33F}.Debug|Mixed Platforms.ActiveCfg = Debug|Any CPU
		{695A6944-8E00-4046-8197-E15E1B0FF33F}.Debug|Mixed Platforms.Build.0 = Debug|Any CPU
		{695A6944-8E00-4046-8197-E15E1B0FF33F}.Debug|x86.ActiveCfg = Debug|Any CPU
		{695A6944-8E00-4046-8197-E15E1B0FF33F}.Release|Any CPU.ActiveCfg = Release|Any CPU
		{695A6944-8E00-4046-8197-E15E1B0FF33F}.Release|Any CPU.Build.0 = Release|Any CPU
		{695A6944-8E00-4046-8197-E15E1B0FF33F}.Release|Mixed Platforms.ActiveCfg = Release|Any CPU
		{695A6944-8E00-4046-8197-E15E1B0FF33F}.Release|Mixed Platforms.Build.0 = Release|Any CPU
		{695A6944-8E00-4046-8197-E15E1B0FF33F}.Release|x86.ActiveCfg = Release|Any CPU
		{00B08D3C-E06C-4329-8E16-6DB765742A61}.Debug|Any CPU.ActiveCfg = Debug|Any CPU
		{00B08D3C-E06C-4329-8E16-6DB765742A61}.Debug|Any CPU.Build.0 = Debug|Any CPU
		{00B08D3C-E06C-4329-8E16-6DB765742A61}.Debug|Mixed Platforms.ActiveCfg = Debug|Any CPU
		{00B08D3C-E06C-4329-8E16-6DB765742A61}.Debug|Mixed Platforms.Build.0 = Debug|Any CPU
		{00B08D3C-E06C-4329-8E16-6DB765742A61}.Debug|x86.ActiveCfg = Debug|Any CPU
		{00B08D3C-E06C-4329-8E16-6DB765742A61}.Release|Any CPU.ActiveCfg = Release|Any CPU
		{00B08D3C-E06C-4329-8E16-6DB765742A61}.Release|Any CPU.Build.0 = Release|Any CPU
		{00B08D3C-E06C-4329-8E16-6DB765742A61}.Release|Mixed Platforms.ActiveCfg = Release|Any CPU
		{00B08D3C-E06C-4329-8E16-6DB765742A61}.Release|Mixed Platforms.Build.0 = Release|Any CPU
		{00B08D3C-E06C-4329-8E16-6DB765742A61}.Release|x86.ActiveCfg = Release|Any CPU
		{C7323013-BCF0-4AED-9AD8-D648E64477B4}.Debug|Any CPU.ActiveCfg = Debug|Any CPU
		{C7323013-BCF0-4AED-9AD8-D648E64477B4}.Debug|Any CPU.Build.0 = Debug|Any CPU
		{C7323013-BCF0-4AED-9AD8-D648E64477B4}.Debug|Mixed Platforms.ActiveCfg = Debug|Any CPU
		{C7323013-BCF0-4AED-9AD8-D648E64477B4}.Debug|Mixed Platforms.Build.0 = Debug|Any CPU
		{C7323013-BCF0-4AED-9AD8-D648E64477B4}.Debug|x86.ActiveCfg = Debug|Any CPU
		{C7323013-BCF0-4AED-9AD8-D648E64477B4}.Release|Any CPU.ActiveCfg = Release|Any CPU
		{C7323013-BCF0-4AED-9AD8-D648E64477B4}.Release|Any CPU.Build.0 = Release|Any CPU
		{C7323013-BCF0-4AED-9AD8-D648E64477B4}.Release|Mixed Platforms.ActiveCfg = Release|Any CPU
		{C7323013-BCF0-4AED-9AD8-D648E64477B4}.Release|Mixed Platforms.Build.0 = Release|Any CPU
		{C7323013-BCF0-4AED-9AD8-D648E64477B4}.Release|x86.ActiveCfg = Release|Any CPU
		{23C92E4B-F6B6-415C-AF3A-5D2E5D16255D}.Debug|Any CPU.ActiveCfg = Debug|Any CPU
		{23C92E4B-F6B6-415C-AF3A-5D2E5D16255D}.Debug|Any CPU.Build.0 = Debug|Any CPU
		{23C92E4B-F6B6-415C-AF3A-5D2E5D16255D}.Debug|Mixed Platforms.ActiveCfg = Debug|Any CPU
		{23C92E4B-F6B6-415C-AF3A-5D2E5D16255D}.Debug|Mixed Platforms.Build.0 = Debug|Any CPU
		{23C92E4B-F6B6-415C-AF3A-5D2E5D16255D}.Debug|x86.ActiveCfg = Debug|Any CPU
		{23C92E4B-F6B6-415C-AF3A-5D2E5D16255D}.Release|Any CPU.ActiveCfg = Release|Any CPU
		{23C92E4B-F6B6-415C-AF3A-5D2E5D16255D}.Release|Any CPU.Build.0 = Release|Any CPU
		{23C92E4B-F6B6-415C-AF3A-5D2E5D16255D}.Release|Mixed Platforms.ActiveCfg = Release|Any CPU
		{23C92E4B-F6B6-415C-AF3A-5D2E5D16255D}.Release|Mixed Platforms.Build.0 = Release|Any CPU
		{23C92E4B-F6B6-415C-AF3A-5D2E5D16255D}.Release|x86.ActiveCfg = Release|Any CPU
		{0875DA06-293B-42D4-BD62-A94EF114B936}.Debug|Any CPU.ActiveCfg = Debug|Any CPU
		{0875DA06-293B-42D4-BD62-A94EF114B936}.Debug|Any CPU.Build.0 = Debug|Any CPU
		{0875DA06-293B-42D4-BD62-A94EF114B936}.Debug|Mixed Platforms.ActiveCfg = Debug|Any CPU
		{0875DA06-293B-42D4-BD62-A94EF114B936}.Debug|Mixed Platforms.Build.0 = Debug|Any CPU
		{0875DA06-293B-42D4-BD62-A94EF114B936}.Debug|x86.ActiveCfg = Debug|Any CPU
		{0875DA06-293B-42D4-BD62-A94EF114B936}.Release|Any CPU.ActiveCfg = Release|Any CPU
		{0875DA06-293B-42D4-BD62-A94EF114B936}.Release|Any CPU.Build.0 = Release|Any CPU
		{0875DA06-293B-42D4-BD62-A94EF114B936}.Release|Mixed Platforms.ActiveCfg = Release|Any CPU
		{0875DA06-293B-42D4-BD62-A94EF114B936}.Release|Mixed Platforms.Build.0 = Release|Any CPU
		{0875DA06-293B-42D4-BD62-A94EF114B936}.Release|x86.ActiveCfg = Release|Any CPU
		{48E5CD08-1871-48A8-9950-1346B0453B2F}.Debug|Any CPU.ActiveCfg = Debug|Any CPU
		{48E5CD08-1871-48A8-9950-1346B0453B2F}.Debug|Any CPU.Build.0 = Debug|Any CPU
		{48E5CD08-1871-48A8-9950-1346B0453B2F}.Debug|Mixed Platforms.ActiveCfg = Debug|Any CPU
		{48E5CD08-1871-48A8-9950-1346B0453B2F}.Debug|Mixed Platforms.Build.0 = Debug|Any CPU
		{48E5CD08-1871-48A8-9950-1346B0453B2F}.Debug|x86.ActiveCfg = Debug|Any CPU
		{48E5CD08-1871-48A8-9950-1346B0453B2F}.Release|Any CPU.ActiveCfg = Release|Any CPU
		{48E5CD08-1871-48A8-9950-1346B0453B2F}.Release|Any CPU.Build.0 = Release|Any CPU
		{48E5CD08-1871-48A8-9950-1346B0453B2F}.Release|Mixed Platforms.ActiveCfg = Release|Any CPU
		{48E5CD08-1871-48A8-9950-1346B0453B2F}.Release|Mixed Platforms.Build.0 = Release|Any CPU
		{48E5CD08-1871-48A8-9950-1346B0453B2F}.Release|x86.ActiveCfg = Release|Any CPU
		{A03EC80E-F465-4FF7-84A6-B49B6F409B31}.Debug|Any CPU.ActiveCfg = Debug|Any CPU
		{A03EC80E-F465-4FF7-84A6-B49B6F409B31}.Debug|Any CPU.Build.0 = Debug|Any CPU
		{A03EC80E-F465-4FF7-84A6-B49B6F409B31}.Debug|Mixed Platforms.ActiveCfg = Debug|Any CPU
		{A03EC80E-F465-4FF7-84A6-B49B6F409B31}.Debug|Mixed Platforms.Build.0 = Debug|Any CPU
		{A03EC80E-F465-4FF7-84A6-B49B6F409B31}.Debug|x86.ActiveCfg = Debug|Any CPU
		{A03EC80E-F465-4FF7-84A6-B49B6F409B31}.Release|Any CPU.ActiveCfg = Release|Any CPU
		{A03EC80E-F465-4FF7-84A6-B49B6F409B31}.Release|Any CPU.Build.0 = Release|Any CPU
		{A03EC80E-F465-4FF7-84A6-B49B6F409B31}.Release|Mixed Platforms.ActiveCfg = Release|Any CPU
		{A03EC80E-F465-4FF7-84A6-B49B6F409B31}.Release|Mixed Platforms.Build.0 = Release|Any CPU
		{A03EC80E-F465-4FF7-84A6-B49B6F409B31}.Release|x86.ActiveCfg = Release|Any CPU
		{C7E44573-C149-43FD-9F63-CC08E7E5ED23}.Debug|Any CPU.ActiveCfg = Debug|Any CPU
		{C7E44573-C149-43FD-9F63-CC08E7E5ED23}.Debug|Any CPU.Build.0 = Debug|Any CPU
		{C7E44573-C149-43FD-9F63-CC08E7E5ED23}.Debug|Mixed Platforms.ActiveCfg = Debug|Any CPU
		{C7E44573-C149-43FD-9F63-CC08E7E5ED23}.Debug|Mixed Platforms.Build.0 = Debug|Any CPU
		{C7E44573-C149-43FD-9F63-CC08E7E5ED23}.Debug|x86.ActiveCfg = Debug|Any CPU
		{C7E44573-C149-43FD-9F63-CC08E7E5ED23}.Release|Any CPU.ActiveCfg = Release|Any CPU
		{C7E44573-C149-43FD-9F63-CC08E7E5ED23}.Release|Any CPU.Build.0 = Release|Any CPU
		{C7E44573-C149-43FD-9F63-CC08E7E5ED23}.Release|Mixed Platforms.ActiveCfg = Release|Any CPU
		{C7E44573-C149-43FD-9F63-CC08E7E5ED23}.Release|Mixed Platforms.Build.0 = Release|Any CPU
		{C7E44573-C149-43FD-9F63-CC08E7E5ED23}.Release|x86.ActiveCfg = Release|Any CPU
		{78D3E8A7-6F56-430A-9107-97A53FED0E74}.Debug|Any CPU.ActiveCfg = Debug
		{78D3E8A7-6F56-430A-9107-97A53FED0E74}.Debug|Mixed Platforms.ActiveCfg = Debug
		{78D3E8A7-6F56-430A-9107-97A53FED0E74}.Debug|x86.ActiveCfg = Debug
		{78D3E8A7-6F56-430A-9107-97A53FED0E74}.Debug|x86.Build.0 = Debug
		{78D3E8A7-6F56-430A-9107-97A53FED0E74}.Release|Any CPU.ActiveCfg = Release
		{78D3E8A7-6F56-430A-9107-97A53FED0E74}.Release|Mixed Platforms.ActiveCfg = Release
		{78D3E8A7-6F56-430A-9107-97A53FED0E74}.Release|x86.ActiveCfg = Release
		{78D3E8A7-6F56-430A-9107-97A53FED0E74}.Release|x86.Build.0 = Release
		{05178D8E-FCB7-446C-8179-A68E38EF7572}.Debug|Any CPU.ActiveCfg = Debug|Any CPU
		{05178D8E-FCB7-446C-8179-A68E38EF7572}.Debug|Any CPU.Build.0 = Debug|Any CPU
		{05178D8E-FCB7-446C-8179-A68E38EF7572}.Debug|Mixed Platforms.ActiveCfg = Debug|Any CPU
		{05178D8E-FCB7-446C-8179-A68E38EF7572}.Debug|Mixed Platforms.Build.0 = Debug|Any CPU
		{05178D8E-FCB7-446C-8179-A68E38EF7572}.Debug|x86.ActiveCfg = Debug|Any CPU
		{05178D8E-FCB7-446C-8179-A68E38EF7572}.Release|Any CPU.ActiveCfg = Release|Any CPU
		{05178D8E-FCB7-446C-8179-A68E38EF7572}.Release|Any CPU.Build.0 = Release|Any CPU
		{05178D8E-FCB7-446C-8179-A68E38EF7572}.Release|Mixed Platforms.ActiveCfg = Release|Any CPU
		{05178D8E-FCB7-446C-8179-A68E38EF7572}.Release|Mixed Platforms.Build.0 = Release|Any CPU
		{05178D8E-FCB7-446C-8179-A68E38EF7572}.Release|x86.ActiveCfg = Release|Any CPU
		{D5FB76BC-AF5C-4FB4-862F-13359DA3D46A}.Debug|Any CPU.ActiveCfg = Debug|Any CPU
		{D5FB76BC-AF5C-4FB4-862F-13359DA3D46A}.Debug|Any CPU.Build.0 = Debug|Any CPU
		{D5FB76BC-AF5C-4FB4-862F-13359DA3D46A}.Debug|Mixed Platforms.ActiveCfg = Debug|Any CPU
		{D5FB76BC-AF5C-4FB4-862F-13359DA3D46A}.Debug|Mixed Platforms.Build.0 = Debug|Any CPU
		{D5FB76BC-AF5C-4FB4-862F-13359DA3D46A}.Debug|x86.ActiveCfg = Debug|Any CPU
		{D5FB76BC-AF5C-4FB4-862F-13359DA3D46A}.Release|Any CPU.ActiveCfg = Release|Any CPU
		{D5FB76BC-AF5C-4FB4-862F-13359DA3D46A}.Release|Any CPU.Build.0 = Release|Any CPU
		{D5FB76BC-AF5C-4FB4-862F-13359DA3D46A}.Release|Mixed Platforms.ActiveCfg = Release|Any CPU
		{D5FB76BC-AF5C-4FB4-862F-13359DA3D46A}.Release|Mixed Platforms.Build.0 = Release|Any CPU
		{D5FB76BC-AF5C-4FB4-862F-13359DA3D46A}.Release|x86.ActiveCfg = Release|Any CPU
		{D714C1EF-3BB0-456E-BB83-3DBE49ECDB00}.Debug|Any CPU.ActiveCfg = Debug|Any CPU
		{D714C1EF-3BB0-456E-BB83-3DBE49ECDB00}.Debug|Any CPU.Build.0 = Debug|Any CPU
		{D714C1EF-3BB0-456E-BB83-3DBE49ECDB00}.Debug|Mixed Platforms.ActiveCfg = Debug|Any CPU
		{D714C1EF-3BB0-456E-BB83-3DBE49ECDB00}.Debug|Mixed Platforms.Build.0 = Debug|Any CPU
		{D714C1EF-3BB0-456E-BB83-3DBE49ECDB00}.Debug|x86.ActiveCfg = Debug|Any CPU
		{D714C1EF-3BB0-456E-BB83-3DBE49ECDB00}.Release|Any CPU.ActiveCfg = Release|Any CPU
		{D714C1EF-3BB0-456E-BB83-3DBE49ECDB00}.Release|Any CPU.Build.0 = Release|Any CPU
		{D714C1EF-3BB0-456E-BB83-3DBE49ECDB00}.Release|Mixed Platforms.ActiveCfg = Release|Any CPU
		{D714C1EF-3BB0-456E-BB83-3DBE49ECDB00}.Release|Mixed Platforms.Build.0 = Release|Any CPU
		{D714C1EF-3BB0-456E-BB83-3DBE49ECDB00}.Release|x86.ActiveCfg = Release|Any CPU
		{28F1ABDB-7AFC-440E-B403-62829EF46ED1}.Debug|Any CPU.ActiveCfg = Debug|Any CPU
		{28F1ABDB-7AFC-440E-B403-62829EF46ED1}.Debug|Any CPU.Build.0 = Debug|Any CPU
		{28F1ABDB-7AFC-440E-B403-62829EF46ED1}.Debug|Mixed Platforms.ActiveCfg = Debug|Any CPU
		{28F1ABDB-7AFC-440E-B403-62829EF46ED1}.Debug|x86.ActiveCfg = Debug|Any CPU
		{28F1ABDB-7AFC-440E-B403-62829EF46ED1}.Release|Any CPU.ActiveCfg = Release|Any CPU
		{28F1ABDB-7AFC-440E-B403-62829EF46ED1}.Release|Any CPU.Build.0 = Release|Any CPU
		{28F1ABDB-7AFC-440E-B403-62829EF46ED1}.Release|Mixed Platforms.ActiveCfg = Release|Any CPU
		{28F1ABDB-7AFC-440E-B403-62829EF46ED1}.Release|Mixed Platforms.Build.0 = Release|Any CPU
		{28F1ABDB-7AFC-440E-B403-62829EF46ED1}.Release|x86.ActiveCfg = Release|Any CPU
		{4071A002-1050-4128-BB51-8358393CD1B5}.Debug|Any CPU.ActiveCfg = Debug|Any CPU
		{4071A002-1050-4128-BB51-8358393CD1B5}.Debug|Any CPU.Build.0 = Debug|Any CPU
		{4071A002-1050-4128-BB51-8358393CD1B5}.Debug|Mixed Platforms.ActiveCfg = Debug|Any CPU
		{4071A002-1050-4128-BB51-8358393CD1B5}.Debug|Mixed Platforms.Build.0 = Debug|Any CPU
		{4071A002-1050-4128-BB51-8358393CD1B5}.Debug|x86.ActiveCfg = Debug|Any CPU
		{4071A002-1050-4128-BB51-8358393CD1B5}.Release|Any CPU.ActiveCfg = Release|Any CPU
		{4071A002-1050-4128-BB51-8358393CD1B5}.Release|Any CPU.Build.0 = Release|Any CPU
		{4071A002-1050-4128-BB51-8358393CD1B5}.Release|Mixed Platforms.ActiveCfg = Release|Any CPU
		{4071A002-1050-4128-BB51-8358393CD1B5}.Release|Mixed Platforms.Build.0 = Release|Any CPU
		{4071A002-1050-4128-BB51-8358393CD1B5}.Release|x86.ActiveCfg = Release|Any CPU
		{9BB5025E-0490-4431-AEDB-A823AC509457}.Debug|Any CPU.ActiveCfg = Debug|Any CPU
		{9BB5025E-0490-4431-AEDB-A823AC509457}.Debug|Any CPU.Build.0 = Debug|Any CPU
		{9BB5025E-0490-4431-AEDB-A823AC509457}.Debug|Mixed Platforms.ActiveCfg = Debug|Any CPU
		{9BB5025E-0490-4431-AEDB-A823AC509457}.Debug|Mixed Platforms.Build.0 = Debug|Any CPU
		{9BB5025E-0490-4431-AEDB-A823AC509457}.Debug|x86.ActiveCfg = Debug|Any CPU
		{9BB5025E-0490-4431-AEDB-A823AC509457}.Release|Any CPU.ActiveCfg = Release|Any CPU
		{9BB5025E-0490-4431-AEDB-A823AC509457}.Release|Any CPU.Build.0 = Release|Any CPU
		{9BB5025E-0490-4431-AEDB-A823AC509457}.Release|Mixed Platforms.ActiveCfg = Release|Any CPU
		{9BB5025E-0490-4431-AEDB-A823AC509457}.Release|Mixed Platforms.Build.0 = Release|Any CPU
		{9BB5025E-0490-4431-AEDB-A823AC509457}.Release|x86.ActiveCfg = Release|Any CPU
		{4E0614BE-E2C0-4CBC-A40A-0842D9F948EF}.Debug|Any CPU.ActiveCfg = Debug|Any CPU
		{4E0614BE-E2C0-4CBC-A40A-0842D9F948EF}.Debug|Any CPU.Build.0 = Debug|Any CPU
		{4E0614BE-E2C0-4CBC-A40A-0842D9F948EF}.Debug|Mixed Platforms.ActiveCfg = Debug|Any CPU
		{4E0614BE-E2C0-4CBC-A40A-0842D9F948EF}.Debug|Mixed Platforms.Build.0 = Debug|Any CPU
		{4E0614BE-E2C0-4CBC-A40A-0842D9F948EF}.Debug|x86.ActiveCfg = Debug|Any CPU
		{4E0614BE-E2C0-4CBC-A40A-0842D9F948EF}.Release|Any CPU.ActiveCfg = Release|Any CPU
		{4E0614BE-E2C0-4CBC-A40A-0842D9F948EF}.Release|Any CPU.Build.0 = Release|Any CPU
		{4E0614BE-E2C0-4CBC-A40A-0842D9F948EF}.Release|Mixed Platforms.ActiveCfg = Release|Any CPU
		{4E0614BE-E2C0-4CBC-A40A-0842D9F948EF}.Release|Mixed Platforms.Build.0 = Release|Any CPU
		{4E0614BE-E2C0-4CBC-A40A-0842D9F948EF}.Release|x86.ActiveCfg = Release|Any CPU
		{93BD67A6-340B-4B7E-9F02-CD4D8BE349DC}.Debug|Any CPU.ActiveCfg = Debug|Any CPU
		{93BD67A6-340B-4B7E-9F02-CD4D8BE349DC}.Debug|Any CPU.Build.0 = Debug|Any CPU
		{93BD67A6-340B-4B7E-9F02-CD4D8BE349DC}.Debug|Mixed Platforms.ActiveCfg = Debug|Any CPU
		{93BD67A6-340B-4B7E-9F02-CD4D8BE349DC}.Debug|Mixed Platforms.Build.0 = Debug|Any CPU
		{93BD67A6-340B-4B7E-9F02-CD4D8BE349DC}.Debug|x86.ActiveCfg = Debug|Any CPU
		{93BD67A6-340B-4B7E-9F02-CD4D8BE349DC}.Release|Any CPU.ActiveCfg = Release|Any CPU
		{93BD67A6-340B-4B7E-9F02-CD4D8BE349DC}.Release|Any CPU.Build.0 = Release|Any CPU
		{93BD67A6-340B-4B7E-9F02-CD4D8BE349DC}.Release|Mixed Platforms.ActiveCfg = Release|Any CPU
		{93BD67A6-340B-4B7E-9F02-CD4D8BE349DC}.Release|Mixed Platforms.Build.0 = Release|Any CPU
		{93BD67A6-340B-4B7E-9F02-CD4D8BE349DC}.Release|x86.ActiveCfg = Release|Any CPU
		{6EF9747C-8CA2-4986-95B6-BA0A5890330C}.Debug|Any CPU.ActiveCfg = Debug|Any CPU
		{6EF9747C-8CA2-4986-95B6-BA0A5890330C}.Debug|Any CPU.Build.0 = Debug|Any CPU
		{6EF9747C-8CA2-4986-95B6-BA0A5890330C}.Debug|Mixed Platforms.ActiveCfg = Debug|Any CPU
		{6EF9747C-8CA2-4986-95B6-BA0A5890330C}.Debug|Mixed Platforms.Build.0 = Debug|Any CPU
		{6EF9747C-8CA2-4986-95B6-BA0A5890330C}.Debug|x86.ActiveCfg = Debug|Any CPU
		{6EF9747C-8CA2-4986-95B6-BA0A5890330C}.Release|Any CPU.ActiveCfg = Release|Any CPU
		{6EF9747C-8CA2-4986-95B6-BA0A5890330C}.Release|Any CPU.Build.0 = Release|Any CPU
		{6EF9747C-8CA2-4986-95B6-BA0A5890330C}.Release|Mixed Platforms.ActiveCfg = Release|Any CPU
		{6EF9747C-8CA2-4986-95B6-BA0A5890330C}.Release|Mixed Platforms.Build.0 = Release|Any CPU
		{6EF9747C-8CA2-4986-95B6-BA0A5890330C}.Release|x86.ActiveCfg = Release|Any CPU
		{6FC9E79C-EE31-45F6-85F3-EEE0BF7908F2}.Debug|Any CPU.ActiveCfg = Debug|Any CPU
		{6FC9E79C-EE31-45F6-85F3-EEE0BF7908F2}.Debug|Any CPU.Build.0 = Debug|Any CPU
		{6FC9E79C-EE31-45F6-85F3-EEE0BF7908F2}.Debug|Mixed Platforms.ActiveCfg = Debug|Any CPU
		{6FC9E79C-EE31-45F6-85F3-EEE0BF7908F2}.Debug|Mixed Platforms.Build.0 = Debug|Any CPU
		{6FC9E79C-EE31-45F6-85F3-EEE0BF7908F2}.Debug|x86.ActiveCfg = Debug|Any CPU
		{6FC9E79C-EE31-45F6-85F3-EEE0BF7908F2}.Release|Any CPU.ActiveCfg = Release|Any CPU
		{6FC9E79C-EE31-45F6-85F3-EEE0BF7908F2}.Release|Any CPU.Build.0 = Release|Any CPU
		{6FC9E79C-EE31-45F6-85F3-EEE0BF7908F2}.Release|Mixed Platforms.ActiveCfg = Release|Any CPU
		{6FC9E79C-EE31-45F6-85F3-EEE0BF7908F2}.Release|Mixed Platforms.Build.0 = Release|Any CPU
		{6FC9E79C-EE31-45F6-85F3-EEE0BF7908F2}.Release|x86.ActiveCfg = Release|Any CPU
		{726A3524-8C5B-4E21-91FA-F4EB37A9B04E}.Debug|Any CPU.ActiveCfg = Debug|Any CPU
		{726A3524-8C5B-4E21-91FA-F4EB37A9B04E}.Debug|Any CPU.Build.0 = Debug|Any CPU
		{726A3524-8C5B-4E21-91FA-F4EB37A9B04E}.Debug|Mixed Platforms.ActiveCfg = Debug|Any CPU
		{726A3524-8C5B-4E21-91FA-F4EB37A9B04E}.Debug|Mixed Platforms.Build.0 = Debug|Any CPU
		{726A3524-8C5B-4E21-91FA-F4EB37A9B04E}.Debug|x86.ActiveCfg = Debug|Any CPU
		{726A3524-8C5B-4E21-91FA-F4EB37A9B04E}.Release|Any CPU.ActiveCfg = Release|Any CPU
		{726A3524-8C5B-4E21-91FA-F4EB37A9B04E}.Release|Any CPU.Build.0 = Release|Any CPU
		{726A3524-8C5B-4E21-91FA-F4EB37A9B04E}.Release|Mixed Platforms.ActiveCfg = Release|Any CPU
		{726A3524-8C5B-4E21-91FA-F4EB37A9B04E}.Release|Mixed Platforms.Build.0 = Release|Any CPU
		{726A3524-8C5B-4E21-91FA-F4EB37A9B04E}.Release|x86.ActiveCfg = Release|Any CPU
		{308F4B43-20EE-4B99-BC57-3BC85FEA0261}.Debug|Any CPU.ActiveCfg = Debug|Any CPU
		{308F4B43-20EE-4B99-BC57-3BC85FEA0261}.Debug|Any CPU.Build.0 = Debug|Any CPU
		{308F4B43-20EE-4B99-BC57-3BC85FEA0261}.Debug|Mixed Platforms.ActiveCfg = Debug|Any CPU
		{308F4B43-20EE-4B99-BC57-3BC85FEA0261}.Debug|Mixed Platforms.Build.0 = Debug|Any CPU
		{308F4B43-20EE-4B99-BC57-3BC85FEA0261}.Debug|x86.ActiveCfg = Debug|Any CPU
		{308F4B43-20EE-4B99-BC57-3BC85FEA0261}.Release|Any CPU.ActiveCfg = Release|Any CPU
		{308F4B43-20EE-4B99-BC57-3BC85FEA0261}.Release|Any CPU.Build.0 = Release|Any CPU
		{308F4B43-20EE-4B99-BC57-3BC85FEA0261}.Release|Mixed Platforms.ActiveCfg = Release|Any CPU
		{308F4B43-20EE-4B99-BC57-3BC85FEA0261}.Release|Mixed Platforms.Build.0 = Release|Any CPU
		{308F4B43-20EE-4B99-BC57-3BC85FEA0261}.Release|x86.ActiveCfg = Release|Any CPU
		{12E57B71-7B44-4A7C-A60C-C094EB9883A6}.Debug|Any CPU.ActiveCfg = Debug|Any CPU
		{12E57B71-7B44-4A7C-A60C-C094EB9883A6}.Debug|Any CPU.Build.0 = Debug|Any CPU
		{12E57B71-7B44-4A7C-A60C-C094EB9883A6}.Debug|Mixed Platforms.ActiveCfg = Debug|Any CPU
		{12E57B71-7B44-4A7C-A60C-C094EB9883A6}.Debug|Mixed Platforms.Build.0 = Debug|Any CPU
		{12E57B71-7B44-4A7C-A60C-C094EB9883A6}.Debug|x86.ActiveCfg = Debug|Any CPU
		{12E57B71-7B44-4A7C-A60C-C094EB9883A6}.Release|Any CPU.ActiveCfg = Release|Any CPU
		{12E57B71-7B44-4A7C-A60C-C094EB9883A6}.Release|Any CPU.Build.0 = Release|Any CPU
		{12E57B71-7B44-4A7C-A60C-C094EB9883A6}.Release|Mixed Platforms.ActiveCfg = Release|Any CPU
		{12E57B71-7B44-4A7C-A60C-C094EB9883A6}.Release|Mixed Platforms.Build.0 = Release|Any CPU
		{12E57B71-7B44-4A7C-A60C-C094EB9883A6}.Release|x86.ActiveCfg = Release|Any CPU
		{5AD82018-203F-4288-82DB-567F66D14D1E}.Debug|Any CPU.ActiveCfg = Debug|Any CPU
		{5AD82018-203F-4288-82DB-567F66D14D1E}.Debug|Any CPU.Build.0 = Debug|Any CPU
		{5AD82018-203F-4288-82DB-567F66D14D1E}.Debug|Mixed Platforms.ActiveCfg = Debug|Any CPU
		{5AD82018-203F-4288-82DB-567F66D14D1E}.Debug|Mixed Platforms.Build.0 = Debug|Any CPU
		{5AD82018-203F-4288-82DB-567F66D14D1E}.Debug|x86.ActiveCfg = Debug|Any CPU
		{5AD82018-203F-4288-82DB-567F66D14D1E}.Release|Any CPU.ActiveCfg = Release|Any CPU
		{5AD82018-203F-4288-82DB-567F66D14D1E}.Release|Any CPU.Build.0 = Release|Any CPU
		{5AD82018-203F-4288-82DB-567F66D14D1E}.Release|Mixed Platforms.ActiveCfg = Release|Any CPU
		{5AD82018-203F-4288-82DB-567F66D14D1E}.Release|Mixed Platforms.Build.0 = Release|Any CPU
		{5AD82018-203F-4288-82DB-567F66D14D1E}.Release|x86.ActiveCfg = Release|Any CPU
		{318D41C4-0DFD-4843-9FDC-91EA2C236D4F}.Debug|Any CPU.ActiveCfg = Debug|Any CPU
		{318D41C4-0DFD-4843-9FDC-91EA2C236D4F}.Debug|Any CPU.Build.0 = Debug|Any CPU
		{318D41C4-0DFD-4843-9FDC-91EA2C236D4F}.Debug|Mixed Platforms.ActiveCfg = Debug|Any CPU
		{318D41C4-0DFD-4843-9FDC-91EA2C236D4F}.Debug|Mixed Platforms.Build.0 = Debug|Any CPU
		{318D41C4-0DFD-4843-9FDC-91EA2C236D4F}.Debug|x86.ActiveCfg = Debug|Any CPU
		{318D41C4-0DFD-4843-9FDC-91EA2C236D4F}.Release|Any CPU.ActiveCfg = Release|Any CPU
		{318D41C4-0DFD-4843-9FDC-91EA2C236D4F}.Release|Any CPU.Build.0 = Release|Any CPU
		{318D41C4-0DFD-4843-9FDC-91EA2C236D4F}.Release|Mixed Platforms.ActiveCfg = Release|Any CPU
		{318D41C4-0DFD-4843-9FDC-91EA2C236D4F}.Release|Mixed Platforms.Build.0 = Release|Any CPU
		{318D41C4-0DFD-4843-9FDC-91EA2C236D4F}.Release|x86.ActiveCfg = Release|Any CPU
		{4DA16082-573E-4AF4-9C34-EB2023CF77AD}.Debug|Any CPU.ActiveCfg = Debug|Any CPU
		{4DA16082-573E-4AF4-9C34-EB2023CF77AD}.Debug|Any CPU.Build.0 = Debug|Any CPU
		{4DA16082-573E-4AF4-9C34-EB2023CF77AD}.Debug|Mixed Platforms.ActiveCfg = Debug|Any CPU
		{4DA16082-573E-4AF4-9C34-EB2023CF77AD}.Debug|Mixed Platforms.Build.0 = Debug|Any CPU
		{4DA16082-573E-4AF4-9C34-EB2023CF77AD}.Debug|x86.ActiveCfg = Debug|Any CPU
		{4DA16082-573E-4AF4-9C34-EB2023CF77AD}.Release|Any CPU.ActiveCfg = Release|Any CPU
		{4DA16082-573E-4AF4-9C34-EB2023CF77AD}.Release|Any CPU.Build.0 = Release|Any CPU
		{4DA16082-573E-4AF4-9C34-EB2023CF77AD}.Release|Mixed Platforms.ActiveCfg = Release|Any CPU
		{4DA16082-573E-4AF4-9C34-EB2023CF77AD}.Release|Mixed Platforms.Build.0 = Release|Any CPU
		{4DA16082-573E-4AF4-9C34-EB2023CF77AD}.Release|x86.ActiveCfg = Release|Any CPU
		{A0CE7F10-199B-4D2C-A458-CB11B18A4868}.Debug|Any CPU.ActiveCfg = Debug|Any CPU
		{A0CE7F10-199B-4D2C-A458-CB11B18A4868}.Debug|Any CPU.Build.0 = Debug|Any CPU
		{A0CE7F10-199B-4D2C-A458-CB11B18A4868}.Debug|Mixed Platforms.ActiveCfg = Debug|Any CPU
		{A0CE7F10-199B-4D2C-A458-CB11B18A4868}.Debug|Mixed Platforms.Build.0 = Debug|Any CPU
		{A0CE7F10-199B-4D2C-A458-CB11B18A4868}.Debug|x86.ActiveCfg = Debug|Any CPU
		{A0CE7F10-199B-4D2C-A458-CB11B18A4868}.Release|Any CPU.ActiveCfg = Release|Any CPU
		{A0CE7F10-199B-4D2C-A458-CB11B18A4868}.Release|Any CPU.Build.0 = Release|Any CPU
		{A0CE7F10-199B-4D2C-A458-CB11B18A4868}.Release|Mixed Platforms.ActiveCfg = Release|Any CPU
		{A0CE7F10-199B-4D2C-A458-CB11B18A4868}.Release|Mixed Platforms.Build.0 = Release|Any CPU
		{A0CE7F10-199B-4D2C-A458-CB11B18A4868}.Release|x86.ActiveCfg = Release|Any CPU
		{85C1E421-E60C-40EF-90EC-504E0F0CB79B}.Debug|Any CPU.ActiveCfg = Debug|Any CPU
		{85C1E421-E60C-40EF-90EC-504E0F0CB79B}.Debug|Any CPU.Build.0 = Debug|Any CPU
		{85C1E421-E60C-40EF-90EC-504E0F0CB79B}.Debug|Mixed Platforms.ActiveCfg = Debug|Any CPU
		{85C1E421-E60C-40EF-90EC-504E0F0CB79B}.Debug|Mixed Platforms.Build.0 = Debug|Any CPU
		{85C1E421-E60C-40EF-90EC-504E0F0CB79B}.Debug|x86.ActiveCfg = Debug|Any CPU
		{85C1E421-E60C-40EF-90EC-504E0F0CB79B}.Release|Any CPU.ActiveCfg = Release|Any CPU
		{85C1E421-E60C-40EF-90EC-504E0F0CB79B}.Release|Any CPU.Build.0 = Release|Any CPU
		{85C1E421-E60C-40EF-90EC-504E0F0CB79B}.Release|Mixed Platforms.ActiveCfg = Release|Any CPU
		{85C1E421-E60C-40EF-90EC-504E0F0CB79B}.Release|Mixed Platforms.Build.0 = Release|Any CPU
		{85C1E421-E60C-40EF-90EC-504E0F0CB79B}.Release|x86.ActiveCfg = Release|Any CPU
		{CF9B2D14-E0A9-4D66-B0C6-2DBDD8CDDA76}.Debug|Any CPU.ActiveCfg = Debug|Any CPU
		{CF9B2D14-E0A9-4D66-B0C6-2DBDD8CDDA76}.Debug|Any CPU.Build.0 = Debug|Any CPU
		{CF9B2D14-E0A9-4D66-B0C6-2DBDD8CDDA76}.Debug|Mixed Platforms.ActiveCfg = Debug|Any CPU
		{CF9B2D14-E0A9-4D66-B0C6-2DBDD8CDDA76}.Debug|Mixed Platforms.Build.0 = Debug|Any CPU
		{CF9B2D14-E0A9-4D66-B0C6-2DBDD8CDDA76}.Debug|x86.ActiveCfg = Debug|Any CPU
		{CF9B2D14-E0A9-4D66-B0C6-2DBDD8CDDA76}.Release|Any CPU.ActiveCfg = Release|Any CPU
		{CF9B2D14-E0A9-4D66-B0C6-2DBDD8CDDA76}.Release|Any CPU.Build.0 = Release|Any CPU
		{CF9B2D14-E0A9-4D66-B0C6-2DBDD8CDDA76}.Release|Mixed Platforms.ActiveCfg = Release|Any CPU
		{CF9B2D14-E0A9-4D66-B0C6-2DBDD8CDDA76}.Release|Mixed Platforms.Build.0 = Release|Any CPU
		{CF9B2D14-E0A9-4D66-B0C6-2DBDD8CDDA76}.Release|x86.ActiveCfg = Release|Any CPU
		{56C9332B-B161-4191-B195-14FD4252FB59}.Debug|Any CPU.ActiveCfg = Debug|Any CPU
		{56C9332B-B161-4191-B195-14FD4252FB59}.Debug|Any CPU.Build.0 = Debug|Any CPU
		{56C9332B-B161-4191-B195-14FD4252FB59}.Debug|Mixed Platforms.ActiveCfg = Debug|Any CPU
		{56C9332B-B161-4191-B195-14FD4252FB59}.Debug|Mixed Platforms.Build.0 = Debug|Any CPU
		{56C9332B-B161-4191-B195-14FD4252FB59}.Debug|x86.ActiveCfg = Debug|Any CPU
		{56C9332B-B161-4191-B195-14FD4252FB59}.Release|Any CPU.ActiveCfg = Release|Any CPU
		{56C9332B-B161-4191-B195-14FD4252FB59}.Release|Any CPU.Build.0 = Release|Any CPU
		{56C9332B-B161-4191-B195-14FD4252FB59}.Release|Mixed Platforms.ActiveCfg = Release|Any CPU
		{56C9332B-B161-4191-B195-14FD4252FB59}.Release|Mixed Platforms.Build.0 = Release|Any CPU
		{56C9332B-B161-4191-B195-14FD4252FB59}.Release|x86.ActiveCfg = Release|Any CPU
		{063462B1-581E-4865-9AF9-3D8EC2992687}.Debug|Any CPU.ActiveCfg = Debug|Any CPU
		{063462B1-581E-4865-9AF9-3D8EC2992687}.Debug|Any CPU.Build.0 = Debug|Any CPU
		{063462B1-581E-4865-9AF9-3D8EC2992687}.Debug|Mixed Platforms.ActiveCfg = Debug|Any CPU
		{063462B1-581E-4865-9AF9-3D8EC2992687}.Debug|Mixed Platforms.Build.0 = Debug|Any CPU
		{063462B1-581E-4865-9AF9-3D8EC2992687}.Debug|x86.ActiveCfg = Debug|Any CPU
		{063462B1-581E-4865-9AF9-3D8EC2992687}.Release|Any CPU.ActiveCfg = Release|Any CPU
		{063462B1-581E-4865-9AF9-3D8EC2992687}.Release|Any CPU.Build.0 = Release|Any CPU
		{063462B1-581E-4865-9AF9-3D8EC2992687}.Release|Mixed Platforms.ActiveCfg = Release|Any CPU
		{063462B1-581E-4865-9AF9-3D8EC2992687}.Release|Mixed Platforms.Build.0 = Release|Any CPU
		{063462B1-581E-4865-9AF9-3D8EC2992687}.Release|x86.ActiveCfg = Release|Any CPU
		{FEF25A88-CF85-483E-9772-52411537EC33}.Debug|Any CPU.ActiveCfg = Debug|Any CPU
		{FEF25A88-CF85-483E-9772-52411537EC33}.Debug|Any CPU.Build.0 = Debug|Any CPU
		{FEF25A88-CF85-483E-9772-52411537EC33}.Debug|Mixed Platforms.ActiveCfg = Debug|Any CPU
		{FEF25A88-CF85-483E-9772-52411537EC33}.Debug|Mixed Platforms.Build.0 = Debug|Any CPU
		{FEF25A88-CF85-483E-9772-52411537EC33}.Debug|x86.ActiveCfg = Debug|Any CPU
		{FEF25A88-CF85-483E-9772-52411537EC33}.Release|Any CPU.ActiveCfg = Release|Any CPU
		{FEF25A88-CF85-483E-9772-52411537EC33}.Release|Any CPU.Build.0 = Release|Any CPU
		{FEF25A88-CF85-483E-9772-52411537EC33}.Release|Mixed Platforms.ActiveCfg = Release|Any CPU
		{FEF25A88-CF85-483E-9772-52411537EC33}.Release|Mixed Platforms.Build.0 = Release|Any CPU
		{FEF25A88-CF85-483E-9772-52411537EC33}.Release|x86.ActiveCfg = Release|Any CPU
		{840B7E20-2120-41F8-AE08-17B4E3EC6F63}.Debug|Any CPU.ActiveCfg = Debug|Any CPU
		{840B7E20-2120-41F8-AE08-17B4E3EC6F63}.Debug|Any CPU.Build.0 = Debug|Any CPU
		{840B7E20-2120-41F8-AE08-17B4E3EC6F63}.Debug|Mixed Platforms.ActiveCfg = Debug|Any CPU
		{840B7E20-2120-41F8-AE08-17B4E3EC6F63}.Debug|Mixed Platforms.Build.0 = Debug|Any CPU
		{840B7E20-2120-41F8-AE08-17B4E3EC6F63}.Debug|x86.ActiveCfg = Debug|Any CPU
		{840B7E20-2120-41F8-AE08-17B4E3EC6F63}.Release|Any CPU.ActiveCfg = Release|Any CPU
		{840B7E20-2120-41F8-AE08-17B4E3EC6F63}.Release|Any CPU.Build.0 = Release|Any CPU
		{840B7E20-2120-41F8-AE08-17B4E3EC6F63}.Release|Mixed Platforms.ActiveCfg = Release|Any CPU
		{840B7E20-2120-41F8-AE08-17B4E3EC6F63}.Release|Mixed Platforms.Build.0 = Release|Any CPU
		{840B7E20-2120-41F8-AE08-17B4E3EC6F63}.Release|x86.ActiveCfg = Release|Any CPU
		{5D445E7D-C3D0-46BF-80D3-0BACBFE621F9}.Debug|Any CPU.ActiveCfg = Debug|Any CPU
		{5D445E7D-C3D0-46BF-80D3-0BACBFE621F9}.Debug|Any CPU.Build.0 = Debug|Any CPU
		{5D445E7D-C3D0-46BF-80D3-0BACBFE621F9}.Debug|Mixed Platforms.ActiveCfg = Debug|Any CPU
		{5D445E7D-C3D0-46BF-80D3-0BACBFE621F9}.Debug|x86.ActiveCfg = Debug|Any CPU
		{5D445E7D-C3D0-46BF-80D3-0BACBFE621F9}.Release|Any CPU.ActiveCfg = Release|Any CPU
		{5D445E7D-C3D0-46BF-80D3-0BACBFE621F9}.Release|Any CPU.Build.0 = Release|Any CPU
		{5D445E7D-C3D0-46BF-80D3-0BACBFE621F9}.Release|Mixed Platforms.ActiveCfg = Release|Any CPU
		{5D445E7D-C3D0-46BF-80D3-0BACBFE621F9}.Release|Mixed Platforms.Build.0 = Release|Any CPU
		{5D445E7D-C3D0-46BF-80D3-0BACBFE621F9}.Release|x86.ActiveCfg = Release|Any CPU
		{F0A5F927-5D4C-45CB-9038-775875651B03}.Debug|Any CPU.ActiveCfg = Debug|x86
		{F0A5F927-5D4C-45CB-9038-775875651B03}.Debug|Mixed Platforms.ActiveCfg = Debug|x86
		{F0A5F927-5D4C-45CB-9038-775875651B03}.Debug|Mixed Platforms.Build.0 = Debug|x86
		{F0A5F927-5D4C-45CB-9038-775875651B03}.Debug|x86.ActiveCfg = Debug|x86
		{F0A5F927-5D4C-45CB-9038-775875651B03}.Debug|x86.Build.0 = Debug|x86
		{F0A5F927-5D4C-45CB-9038-775875651B03}.Release|Any CPU.ActiveCfg = Release|x86
		{F0A5F927-5D4C-45CB-9038-775875651B03}.Release|Mixed Platforms.ActiveCfg = Release|x86
		{F0A5F927-5D4C-45CB-9038-775875651B03}.Release|Mixed Platforms.Build.0 = Release|x86
		{F0A5F927-5D4C-45CB-9038-775875651B03}.Release|x86.ActiveCfg = Release|x86
		{F0A5F927-5D4C-45CB-9038-775875651B03}.Release|x86.Build.0 = Release|x86
		{8A64AAFB-22FC-484C-B74F-7DA9EEADD5DB}.Debug|Any CPU.ActiveCfg = Debug|x86
		{8A64AAFB-22FC-484C-B74F-7DA9EEADD5DB}.Debug|Mixed Platforms.ActiveCfg = Debug|x86
		{8A64AAFB-22FC-484C-B74F-7DA9EEADD5DB}.Debug|x86.ActiveCfg = Debug|x86
		{8A64AAFB-22FC-484C-B74F-7DA9EEADD5DB}.Debug|x86.Build.0 = Debug|x86
		{8A64AAFB-22FC-484C-B74F-7DA9EEADD5DB}.Release|Any CPU.ActiveCfg = Release|x86
		{8A64AAFB-22FC-484C-B74F-7DA9EEADD5DB}.Release|Mixed Platforms.ActiveCfg = Release|x86
		{8A64AAFB-22FC-484C-B74F-7DA9EEADD5DB}.Release|Mixed Platforms.Build.0 = Release|x86
		{8A64AAFB-22FC-484C-B74F-7DA9EEADD5DB}.Release|x86.ActiveCfg = Release|x86
		{8A64AAFB-22FC-484C-B74F-7DA9EEADD5DB}.Release|x86.Build.0 = Release|x86
		{F541CAC4-96D2-4724-85A7-AB077337CB3E}.Debug|Any CPU.ActiveCfg = Debug|x86
		{F541CAC4-96D2-4724-85A7-AB077337CB3E}.Debug|Mixed Platforms.ActiveCfg = Debug|x86
		{F541CAC4-96D2-4724-85A7-AB077337CB3E}.Debug|Mixed Platforms.Build.0 = Debug|x86
		{F541CAC4-96D2-4724-85A7-AB077337CB3E}.Debug|x86.ActiveCfg = Debug|x86
		{F541CAC4-96D2-4724-85A7-AB077337CB3E}.Debug|x86.Build.0 = Debug|x86
		{F541CAC4-96D2-4724-85A7-AB077337CB3E}.Release|Any CPU.ActiveCfg = Release|x86
		{F541CAC4-96D2-4724-85A7-AB077337CB3E}.Release|Mixed Platforms.ActiveCfg = Release|x86
		{F541CAC4-96D2-4724-85A7-AB077337CB3E}.Release|Mixed Platforms.Build.0 = Release|x86
		{F541CAC4-96D2-4724-85A7-AB077337CB3E}.Release|x86.ActiveCfg = Release|x86
		{F541CAC4-96D2-4724-85A7-AB077337CB3E}.Release|x86.Build.0 = Release|x86
		{7E8E5DA7-5157-4AAF-BDD8-8443BA8E419D}.Debug|Any CPU.ActiveCfg = Debug|x86
		{7E8E5DA7-5157-4AAF-BDD8-8443BA8E419D}.Debug|Mixed Platforms.ActiveCfg = Debug|x86
		{7E8E5DA7-5157-4AAF-BDD8-8443BA8E419D}.Debug|Mixed Platforms.Build.0 = Debug|x86
		{7E8E5DA7-5157-4AAF-BDD8-8443BA8E419D}.Debug|x86.ActiveCfg = Debug|x86
		{7E8E5DA7-5157-4AAF-BDD8-8443BA8E419D}.Debug|x86.Build.0 = Debug|x86
		{7E8E5DA7-5157-4AAF-BDD8-8443BA8E419D}.Release|Any CPU.ActiveCfg = Release|x86
		{7E8E5DA7-5157-4AAF-BDD8-8443BA8E419D}.Release|Mixed Platforms.ActiveCfg = Release|x86
		{7E8E5DA7-5157-4AAF-BDD8-8443BA8E419D}.Release|Mixed Platforms.Build.0 = Release|x86
		{7E8E5DA7-5157-4AAF-BDD8-8443BA8E419D}.Release|x86.ActiveCfg = Release|x86
		{7E8E5DA7-5157-4AAF-BDD8-8443BA8E419D}.Release|x86.Build.0 = Release|x86
		{459E92BE-7E1C-44B4-9052-A4B3ACE80B27}.Debug|Any CPU.ActiveCfg = Debug|x86
		{459E92BE-7E1C-44B4-9052-A4B3ACE80B27}.Debug|Mixed Platforms.ActiveCfg = Debug|x86
		{459E92BE-7E1C-44B4-9052-A4B3ACE80B27}.Debug|Mixed Platforms.Build.0 = Debug|x86
		{459E92BE-7E1C-44B4-9052-A4B3ACE80B27}.Debug|x86.ActiveCfg = Debug|x86
		{459E92BE-7E1C-44B4-9052-A4B3ACE80B27}.Debug|x86.Build.0 = Debug|x86
		{459E92BE-7E1C-44B4-9052-A4B3ACE80B27}.Release|Any CPU.ActiveCfg = Release|x86
		{459E92BE-7E1C-44B4-9052-A4B3ACE80B27}.Release|Mixed Platforms.ActiveCfg = Release|x86
		{459E92BE-7E1C-44B4-9052-A4B3ACE80B27}.Release|Mixed Platforms.Build.0 = Release|x86
		{459E92BE-7E1C-44B4-9052-A4B3ACE80B27}.Release|x86.ActiveCfg = Release|x86
		{459E92BE-7E1C-44B4-9052-A4B3ACE80B27}.Release|x86.Build.0 = Release|x86
		{FD782C20-3056-485D-BCDF-C8DF3AECBC50}.Debug|Any CPU.ActiveCfg = Debug|x86
		{FD782C20-3056-485D-BCDF-C8DF3AECBC50}.Debug|Mixed Platforms.ActiveCfg = Debug|x86
		{FD782C20-3056-485D-BCDF-C8DF3AECBC50}.Debug|Mixed Platforms.Build.0 = Debug|x86
		{FD782C20-3056-485D-BCDF-C8DF3AECBC50}.Debug|x86.ActiveCfg = Debug|x86
		{FD782C20-3056-485D-BCDF-C8DF3AECBC50}.Debug|x86.Build.0 = Debug|x86
		{FD782C20-3056-485D-BCDF-C8DF3AECBC50}.Release|Any CPU.ActiveCfg = Release|x86
		{FD782C20-3056-485D-BCDF-C8DF3AECBC50}.Release|Mixed Platforms.ActiveCfg = Release|x86
		{FD782C20-3056-485D-BCDF-C8DF3AECBC50}.Release|Mixed Platforms.Build.0 = Release|x86
		{FD782C20-3056-485D-BCDF-C8DF3AECBC50}.Release|x86.ActiveCfg = Release|x86
		{FD782C20-3056-485D-BCDF-C8DF3AECBC50}.Release|x86.Build.0 = Release|x86
	EndGlobalSection
	GlobalSection(SolutionProperties) = preSolution
		HideSolutionNode = FALSE
	EndGlobalSection
EndGlobal
